// !$*UTF8*$!
{
	archiveVersion = 1;
	classes = {
	};
	objectVersion = 55;
	objects = {

/* Begin PBXBuildFile section */
		F408458728998DB7002E7C92 /* NavigationBarView.swift in Sources */ = {isa = PBXBuildFile; fileRef = F408458628998DB7002E7C92 /* NavigationBarView.swift */; };
		F408458928998EC7002E7C92 /* LogoView.swift in Sources */ = {isa = PBXBuildFile; fileRef = F408458828998EC7002E7C92 /* LogoView.swift */; };
		F408458B2899955E002E7C92 /* PlayerModel.swift in Sources */ = {isa = PBXBuildFile; fileRef = F408458A2899955E002E7C92 /* PlayerModel.swift */; };
		F408458D289995B8002E7C92 /* CodableBundleExtension.swift in Sources */ = {isa = PBXBuildFile; fileRef = F408458C289995B8002E7C92 /* CodableBundleExtension.swift */; };
		F408458F2899992B002E7C92 /* FeaturedItemView.swift in Sources */ = {isa = PBXBuildFile; fileRef = F408458E2899992B002E7C92 /* FeaturedItemView.swift */; };
		F40845912899998C002E7C92 /* FeaturedTabView.swift in Sources */ = {isa = PBXBuildFile; fileRef = F40845902899998C002E7C92 /* FeaturedTabView.swift */; };
		F457A5B62899B5E20086F553 /* CategoryModel.swift in Sources */ = {isa = PBXBuildFile; fileRef = F457A5B52899B5E20086F553 /* CategoryModel.swift */; };
		F457A5B82899B7090086F553 /* CategoryItemView.swift in Sources */ = {isa = PBXBuildFile; fileRef = F457A5B72899B7090086F553 /* CategoryItemView.swift */; };
		F457A5BA2899B8A40086F553 /* CategoryGridView.swift in Sources */ = {isa = PBXBuildFile; fileRef = F457A5B92899B8A40086F553 /* CategoryGridView.swift */; };
		F457A5BC2899BBF60086F553 /* SectionView.swift in Sources */ = {isa = PBXBuildFile; fileRef = F457A5BB2899BBF60086F553 /* SectionView.swift */; };
		F457A5BE2899C2AE0086F553 /* TitleView.swift in Sources */ = {isa = PBXBuildFile; fileRef = F457A5BD2899C2AE0086F553 /* TitleView.swift */; };
		F457A5C02899C39A0086F553 /* ProductModel.swift in Sources */ = {isa = PBXBuildFile; fileRef = F457A5BF2899C3990086F553 /* ProductModel.swift */; };
		F457A5C22899C40A0086F553 /* ProductItemView.swift in Sources */ = {isa = PBXBuildFile; fileRef = F457A5C12899C40A0086F553 /* ProductItemView.swift */; };
		F457A5C428AD722C0086F553 /* BrandModel.swift in Sources */ = {isa = PBXBuildFile; fileRef = F457A5C328AD722C0086F553 /* BrandModel.swift */; };
		F457A5C628AD73970086F553 /* BrandItemView.swift in Sources */ = {isa = PBXBuildFile; fileRef = F457A5C528AD73970086F553 /* BrandItemView.swift */; };
		F457A5C828AD75160086F553 /* BrandGridView.swift in Sources */ = {isa = PBXBuildFile; fileRef = F457A5C728AD75160086F553 /* BrandGridView.swift */; };
		F4C9C8562899794E007584D8 /* TouchdownApp.swift in Sources */ = {isa = PBXBuildFile; fileRef = F4C9C8552899794E007584D8 /* TouchdownApp.swift */; };
		F4C9C8582899794E007584D8 /* ContentView.swift in Sources */ = {isa = PBXBuildFile; fileRef = F4C9C8572899794E007584D8 /* ContentView.swift */; };
		F4C9C85A2899794F007584D8 /* Assets.xcassets in Resources */ = {isa = PBXBuildFile; fileRef = F4C9C8592899794F007584D8 /* Assets.xcassets */; };
		F4C9C85D2899794F007584D8 /* Preview Assets.xcassets in Resources */ = {isa = PBXBuildFile; fileRef = F4C9C85C2899794F007584D8 /* Preview Assets.xcassets */; };
		F4C9C86728997A12007584D8 /* player.json in Resources */ = {isa = PBXBuildFile; fileRef = F4C9C86328997A12007584D8 /* player.json */; };
		F4C9C86828997A12007584D8 /* brand.json in Resources */ = {isa = PBXBuildFile; fileRef = F4C9C86428997A12007584D8 /* brand.json */; };
		F4C9C86928997A12007584D8 /* product.json in Resources */ = {isa = PBXBuildFile; fileRef = F4C9C86528997A12007584D8 /* product.json */; };
		F4C9C86A28997A12007584D8 /* category.json in Resources */ = {isa = PBXBuildFile; fileRef = F4C9C86628997A12007584D8 /* category.json */; };
		F4C9C87528997C66007584D8 /* Constant.swift in Sources */ = {isa = PBXBuildFile; fileRef = F4C9C87428997C66007584D8 /* Constant.swift */; };
		F4C9C87728997D2B007584D8 /* FooterView.swift in Sources */ = {isa = PBXBuildFile; fileRef = F4C9C87628997D2B007584D8 /* FooterView.swift */; };
/* End PBXBuildFile section */

/* Begin PBXFileReference section */
		F408458628998DB7002E7C92 /* NavigationBarView.swift */ = {isa = PBXFileReference; lastKnownFileType = sourcecode.swift; path = NavigationBarView.swift; sourceTree = "<group>"; };
		F408458828998EC7002E7C92 /* LogoView.swift */ = {isa = PBXFileReference; lastKnownFileType = sourcecode.swift; path = LogoView.swift; sourceTree = "<group>"; };
		F408458A2899955E002E7C92 /* PlayerModel.swift */ = {isa = PBXFileReference; lastKnownFileType = sourcecode.swift; path = PlayerModel.swift; sourceTree = "<group>"; };
		F408458C289995B8002E7C92 /* CodableBundleExtension.swift */ = {isa = PBXFileReference; lastKnownFileType = sourcecode.swift; path = CodableBundleExtension.swift; sourceTree = "<group>"; };
		F408458E2899992B002E7C92 /* FeaturedItemView.swift */ = {isa = PBXFileReference; lastKnownFileType = sourcecode.swift; path = FeaturedItemView.swift; sourceTree = "<group>"; };
		F40845902899998C002E7C92 /* FeaturedTabView.swift */ = {isa = PBXFileReference; lastKnownFileType = sourcecode.swift; path = FeaturedTabView.swift; sourceTree = "<group>"; };
		F457A5B52899B5E20086F553 /* CategoryModel.swift */ = {isa = PBXFileReference; lastKnownFileType = sourcecode.swift; path = CategoryModel.swift; sourceTree = "<group>"; };
		F457A5B72899B7090086F553 /* CategoryItemView.swift */ = {isa = PBXFileReference; lastKnownFileType = sourcecode.swift; path = CategoryItemView.swift; sourceTree = "<group>"; };
		F457A5B92899B8A40086F553 /* CategoryGridView.swift */ = {isa = PBXFileReference; lastKnownFileType = sourcecode.swift; path = CategoryGridView.swift; sourceTree = "<group>"; };
		F457A5BB2899BBF60086F553 /* SectionView.swift */ = {isa = PBXFileReference; lastKnownFileType = sourcecode.swift; path = SectionView.swift; sourceTree = "<group>"; };
		F457A5BD2899C2AE0086F553 /* TitleView.swift */ = {isa = PBXFileReference; lastKnownFileType = sourcecode.swift; path = TitleView.swift; sourceTree = "<group>"; };
		F457A5BF2899C3990086F553 /* ProductModel.swift */ = {isa = PBXFileReference; lastKnownFileType = sourcecode.swift; path = ProductModel.swift; sourceTree = "<group>"; };
		F457A5C12899C40A0086F553 /* ProductItemView.swift */ = {isa = PBXFileReference; lastKnownFileType = sourcecode.swift; path = ProductItemView.swift; sourceTree = "<group>"; };
		F457A5C328AD722C0086F553 /* BrandModel.swift */ = {isa = PBXFileReference; lastKnownFileType = sourcecode.swift; path = BrandModel.swift; sourceTree = "<group>"; };
		F457A5C528AD73970086F553 /* BrandItemView.swift */ = {isa = PBXFileReference; lastKnownFileType = sourcecode.swift; path = BrandItemView.swift; sourceTree = "<group>"; };
		F457A5C728AD75160086F553 /* BrandGridView.swift */ = {isa = PBXFileReference; lastKnownFileType = sourcecode.swift; path = BrandGridView.swift; sourceTree = "<group>"; };
		F4C9C8522899794E007584D8 /* Touchdown.app */ = {isa = PBXFileReference; explicitFileType = wrapper.application; includeInIndex = 0; path = Touchdown.app; sourceTree = BUILT_PRODUCTS_DIR; };
		F4C9C8552899794E007584D8 /* TouchdownApp.swift */ = {isa = PBXFileReference; lastKnownFileType = sourcecode.swift; path = TouchdownApp.swift; sourceTree = "<group>"; };
		F4C9C8572899794E007584D8 /* ContentView.swift */ = {isa = PBXFileReference; lastKnownFileType = sourcecode.swift; path = ContentView.swift; sourceTree = "<group>"; };
		F4C9C8592899794F007584D8 /* Assets.xcassets */ = {isa = PBXFileReference; lastKnownFileType = folder.assetcatalog; path = Assets.xcassets; sourceTree = "<group>"; };
		F4C9C85C2899794F007584D8 /* Preview Assets.xcassets */ = {isa = PBXFileReference; lastKnownFileType = folder.assetcatalog; path = "Preview Assets.xcassets"; sourceTree = "<group>"; };
		F4C9C86328997A12007584D8 /* player.json */ = {isa = PBXFileReference; fileEncoding = 4; lastKnownFileType = text.json; path = player.json; sourceTree = "<group>"; };
		F4C9C86428997A12007584D8 /* brand.json */ = {isa = PBXFileReference; fileEncoding = 4; lastKnownFileType = text.json; path = brand.json; sourceTree = "<group>"; };
		F4C9C86528997A12007584D8 /* product.json */ = {isa = PBXFileReference; fileEncoding = 4; lastKnownFileType = text.json; path = product.json; sourceTree = "<group>"; };
		F4C9C86628997A12007584D8 /* category.json */ = {isa = PBXFileReference; fileEncoding = 4; lastKnownFileType = text.json; path = category.json; sourceTree = "<group>"; };
		F4C9C86C28997A85007584D8 /* Info.plist */ = {isa = PBXFileReference; lastKnownFileType = text.plist; path = Info.plist; sourceTree = "<group>"; };
		F4C9C87428997C66007584D8 /* Constant.swift */ = {isa = PBXFileReference; lastKnownFileType = sourcecode.swift; path = Constant.swift; sourceTree = "<group>"; };
		F4C9C87628997D2B007584D8 /* FooterView.swift */ = {isa = PBXFileReference; lastKnownFileType = sourcecode.swift; path = FooterView.swift; sourceTree = "<group>"; };
/* End PBXFileReference section */

/* Begin PBXFrameworksBuildPhase section */
		F4C9C84F2899794E007584D8 /* Frameworks */ = {
			isa = PBXFrameworksBuildPhase;
			buildActionMask = 2147483647;
			files = (
			);
			runOnlyForDeploymentPostprocessing = 0;
		};
/* End PBXFrameworksBuildPhase section */

/* Begin PBXGroup section */
		F4C9C8492899794E007584D8 = {
			isa = PBXGroup;
			children = (
				F4C9C8542899794E007584D8 /* Touchdown */,
				F4C9C8532899794E007584D8 /* Products */,
			);
			sourceTree = "<group>";
		};
		F4C9C8532899794E007584D8 /* Products */ = {
			isa = PBXGroup;
			children = (
				F4C9C8522899794E007584D8 /* Touchdown.app */,
			);
			name = Products;
			sourceTree = "<group>";
		};
		F4C9C8542899794E007584D8 /* Touchdown */ = {
			isa = PBXGroup;
			children = (
				F4C9C86D28997B73007584D8 /* App */,
				F4C9C86E28997B85007584D8 /* View */,
				F4C9C86B28997A2C007584D8 /* Data */,
				F4C9C87328997BBE007584D8 /* Model */,
				F4C9C87228997BAE007584D8 /* Extension */,
				F4C9C87128997B9E007584D8 /* Utility */,
				F4C9C86C28997A85007584D8 /* Info.plist */,
				F4C9C8592899794F007584D8 /* Assets.xcassets */,
				F4C9C85B2899794F007584D8 /* Preview Content */,
			);
			path = Touchdown;
			sourceTree = "<group>";
		};
		F4C9C85B2899794F007584D8 /* Preview Content */ = {
			isa = PBXGroup;
			children = (
				F4C9C85C2899794F007584D8 /* Preview Assets.xcassets */,
			);
			path = "Preview Content";
			sourceTree = "<group>";
		};
		F4C9C86B28997A2C007584D8 /* Data */ = {
			isa = PBXGroup;
			children = (
				F4C9C86428997A12007584D8 /* brand.json */,
				F4C9C86628997A12007584D8 /* category.json */,
				F4C9C86328997A12007584D8 /* player.json */,
				F4C9C86528997A12007584D8 /* product.json */,
			);
			path = Data;
			sourceTree = "<group>";
		};
		F4C9C86D28997B73007584D8 /* App */ = {
			isa = PBXGroup;
			children = (
				F4C9C8552899794E007584D8 /* TouchdownApp.swift */,
				F4C9C8572899794E007584D8 /* ContentView.swift */,
			);
			path = App;
			sourceTree = "<group>";
		};
		F4C9C86E28997B85007584D8 /* View */ = {
			isa = PBXGroup;
			children = (
				F4C9C86F28997B8E007584D8 /* Detail */,
				F4C9C87028997B97007584D8 /* Home */,
			);
			path = View;
			sourceTree = "<group>";
		};
		F4C9C86F28997B8E007584D8 /* Detail */ = {
			isa = PBXGroup;
			children = (
			);
			path = Detail;
			sourceTree = "<group>";
		};
		F4C9C87028997B97007584D8 /* Home */ = {
			isa = PBXGroup;
			children = (
				F4C9C87628997D2B007584D8 /* FooterView.swift */,
				F408458628998DB7002E7C92 /* NavigationBarView.swift */,
				F408458828998EC7002E7C92 /* LogoView.swift */,
				F408458E2899992B002E7C92 /* FeaturedItemView.swift */,
				F40845902899998C002E7C92 /* FeaturedTabView.swift */,
				F457A5B72899B7090086F553 /* CategoryItemView.swift */,
				F457A5B92899B8A40086F553 /* CategoryGridView.swift */,
				F457A5BB2899BBF60086F553 /* SectionView.swift */,
				F457A5BD2899C2AE0086F553 /* TitleView.swift */,
				F457A5C12899C40A0086F553 /* ProductItemView.swift */,
				F457A5C528AD73970086F553 /* BrandItemView.swift */,
				F457A5C728AD75160086F553 /* BrandGridView.swift */,
			);
			path = Home;
			sourceTree = "<group>";
		};
		F4C9C87128997B9E007584D8 /* Utility */ = {
			isa = PBXGroup;
			children = (
				F4C9C87428997C66007584D8 /* Constant.swift */,
			);
			path = Utility;
			sourceTree = "<group>";
		};
		F4C9C87228997BAE007584D8 /* Extension */ = {
			isa = PBXGroup;
			children = (
				F408458C289995B8002E7C92 /* CodableBundleExtension.swift */,
			);
			path = Extension;
			sourceTree = "<group>";
		};
		F4C9C87328997BBE007584D8 /* Model */ = {
			isa = PBXGroup;
			children = (
				F408458A2899955E002E7C92 /* PlayerModel.swift */,
				F457A5B52899B5E20086F553 /* CategoryModel.swift */,
				F457A5BF2899C3990086F553 /* ProductModel.swift */,
				F457A5C328AD722C0086F553 /* BrandModel.swift */,
			);
			path = Model;
			sourceTree = "<group>";
		};
/* End PBXGroup section */

/* Begin PBXNativeTarget section */
		F4C9C8512899794E007584D8 /* Touchdown */ = {
			isa = PBXNativeTarget;
			buildConfigurationList = F4C9C8602899794F007584D8 /* Build configuration list for PBXNativeTarget "Touchdown" */;
			buildPhases = (
				F4C9C84E2899794E007584D8 /* Sources */,
				F4C9C84F2899794E007584D8 /* Frameworks */,
				F4C9C8502899794E007584D8 /* Resources */,
			);
			buildRules = (
			);
			dependencies = (
			);
			name = Touchdown;
			productName = Touchdown;
			productReference = F4C9C8522899794E007584D8 /* Touchdown.app */;
			productType = "com.apple.product-type.application";
		};
/* End PBXNativeTarget section */

/* Begin PBXProject section */
		F4C9C84A2899794E007584D8 /* Project object */ = {
			isa = PBXProject;
			attributes = {
				BuildIndependentTargetsInParallel = 1;
				LastSwiftUpdateCheck = 1340;
				LastUpgradeCheck = 1340;
				TargetAttributes = {
					F4C9C8512899794E007584D8 = {
						CreatedOnToolsVersion = 13.4.1;
					};
				};
			};
			buildConfigurationList = F4C9C84D2899794E007584D8 /* Build configuration list for PBXProject "Touchdown" */;
			compatibilityVersion = "Xcode 13.0";
			developmentRegion = en;
			hasScannedForEncodings = 0;
			knownRegions = (
				en,
				Base,
			);
			mainGroup = F4C9C8492899794E007584D8;
			productRefGroup = F4C9C8532899794E007584D8 /* Products */;
			projectDirPath = "";
			projectRoot = "";
			targets = (
				F4C9C8512899794E007584D8 /* Touchdown */,
			);
		};
/* End PBXProject section */

/* Begin PBXResourcesBuildPhase section */
		F4C9C8502899794E007584D8 /* Resources */ = {
			isa = PBXResourcesBuildPhase;
			buildActionMask = 2147483647;
			files = (
				F4C9C86728997A12007584D8 /* player.json in Resources */,
				F4C9C86828997A12007584D8 /* brand.json in Resources */,
				F4C9C85D2899794F007584D8 /* Preview Assets.xcassets in Resources */,
				F4C9C86A28997A12007584D8 /* category.json in Resources */,
				F4C9C85A2899794F007584D8 /* Assets.xcassets in Resources */,
				F4C9C86928997A12007584D8 /* product.json in Resources */,
			);
			runOnlyForDeploymentPostprocessing = 0;
		};
/* End PBXResourcesBuildPhase section */

/* Begin PBXSourcesBuildPhase section */
		F4C9C84E2899794E007584D8 /* Sources */ = {
			isa = PBXSourcesBuildPhase;
			buildActionMask = 2147483647;
			files = (
				F408458D289995B8002E7C92 /* CodableBundleExtension.swift in Sources */,
				F4C9C8582899794E007584D8 /* ContentView.swift in Sources */,
				F408458928998EC7002E7C92 /* LogoView.swift in Sources */,
				F4C9C87728997D2B007584D8 /* FooterView.swift in Sources */,
				F408458F2899992B002E7C92 /* FeaturedItemView.swift in Sources */,
				F457A5C22899C40A0086F553 /* ProductItemView.swift in Sources */,
				F457A5C828AD75160086F553 /* BrandGridView.swift in Sources */,
				F4C9C8562899794E007584D8 /* TouchdownApp.swift in Sources */,
				F4C9C87528997C66007584D8 /* Constant.swift in Sources */,
				F457A5BA2899B8A40086F553 /* CategoryGridView.swift in Sources */,
				F457A5B62899B5E20086F553 /* CategoryModel.swift in Sources */,
				F408458728998DB7002E7C92 /* NavigationBarView.swift in Sources */,
				F457A5BC2899BBF60086F553 /* SectionView.swift in Sources */,
				F457A5C628AD73970086F553 /* BrandItemView.swift in Sources */,
				F457A5B82899B7090086F553 /* CategoryItemView.swift in Sources */,
				F40845912899998C002E7C92 /* FeaturedTabView.swift in Sources */,
				F408458B2899955E002E7C92 /* PlayerModel.swift in Sources */,
				F457A5C428AD722C0086F553 /* BrandModel.swift in Sources */,
				F457A5BE2899C2AE0086F553 /* TitleView.swift in Sources */,
				F457A5C02899C39A0086F553 /* ProductModel.swift in Sources */,
			);
			runOnlyForDeploymentPostprocessing = 0;
		};
/* End PBXSourcesBuildPhase section */

/* Begin XCBuildConfiguration section */
		F4C9C85E2899794F007584D8 /* Debug */ = {
			isa = XCBuildConfiguration;
			buildSettings = {
				ALWAYS_SEARCH_USER_PATHS = NO;
				CLANG_ANALYZER_NONNULL = YES;
				CLANG_ANALYZER_NUMBER_OBJECT_CONVERSION = YES_AGGRESSIVE;
				CLANG_CXX_LANGUAGE_STANDARD = "gnu++17";
				CLANG_ENABLE_MODULES = YES;
				CLANG_ENABLE_OBJC_ARC = YES;
				CLANG_ENABLE_OBJC_WEAK = YES;
				CLANG_WARN_BLOCK_CAPTURE_AUTORELEASING = YES;
				CLANG_WARN_BOOL_CONVERSION = YES;
				CLANG_WARN_COMMA = YES;
				CLANG_WARN_CONSTANT_CONVERSION = YES;
				CLANG_WARN_DEPRECATED_OBJC_IMPLEMENTATIONS = YES;
				CLANG_WARN_DIRECT_OBJC_ISA_USAGE = YES_ERROR;
				CLANG_WARN_DOCUMENTATION_COMMENTS = YES;
				CLANG_WARN_EMPTY_BODY = YES;
				CLANG_WARN_ENUM_CONVERSION = YES;
				CLANG_WARN_INFINITE_RECURSION = YES;
				CLANG_WARN_INT_CONVERSION = YES;
				CLANG_WARN_NON_LITERAL_NULL_CONVERSION = YES;
				CLANG_WARN_OBJC_IMPLICIT_RETAIN_SELF = YES;
				CLANG_WARN_OBJC_LITERAL_CONVERSION = YES;
				CLANG_WARN_OBJC_ROOT_CLASS = YES_ERROR;
				CLANG_WARN_QUOTED_INCLUDE_IN_FRAMEWORK_HEADER = YES;
				CLANG_WARN_RANGE_LOOP_ANALYSIS = YES;
				CLANG_WARN_STRICT_PROTOTYPES = YES;
				CLANG_WARN_SUSPICIOUS_MOVE = YES;
				CLANG_WARN_UNGUARDED_AVAILABILITY = YES_AGGRESSIVE;
				CLANG_WARN_UNREACHABLE_CODE = YES;
				CLANG_WARN__DUPLICATE_METHOD_MATCH = YES;
				COPY_PHASE_STRIP = NO;
				DEBUG_INFORMATION_FORMAT = dwarf;
				ENABLE_STRICT_OBJC_MSGSEND = YES;
				ENABLE_TESTABILITY = YES;
				GCC_C_LANGUAGE_STANDARD = gnu11;
				GCC_DYNAMIC_NO_PIC = NO;
				GCC_NO_COMMON_BLOCKS = YES;
				GCC_OPTIMIZATION_LEVEL = 0;
				GCC_PREPROCESSOR_DEFINITIONS = (
					"DEBUG=1",
					"$(inherited)",
				);
				GCC_WARN_64_TO_32_BIT_CONVERSION = YES;
				GCC_WARN_ABOUT_RETURN_TYPE = YES_ERROR;
				GCC_WARN_UNDECLARED_SELECTOR = YES;
				GCC_WARN_UNINITIALIZED_AUTOS = YES_AGGRESSIVE;
				GCC_WARN_UNUSED_FUNCTION = YES;
				GCC_WARN_UNUSED_VARIABLE = YES;
				IPHONEOS_DEPLOYMENT_TARGET = 15.5;
				MTL_ENABLE_DEBUG_INFO = INCLUDE_SOURCE;
				MTL_FAST_MATH = YES;
				ONLY_ACTIVE_ARCH = YES;
				SDKROOT = iphoneos;
				SWIFT_ACTIVE_COMPILATION_CONDITIONS = DEBUG;
				SWIFT_OPTIMIZATION_LEVEL = "-Onone";
			};
			name = Debug;
		};
		F4C9C85F2899794F007584D8 /* Release */ = {
			isa = XCBuildConfiguration;
			buildSettings = {
				ALWAYS_SEARCH_USER_PATHS = NO;
				CLANG_ANALYZER_NONNULL = YES;
				CLANG_ANALYZER_NUMBER_OBJECT_CONVERSION = YES_AGGRESSIVE;
				CLANG_CXX_LANGUAGE_STANDARD = "gnu++17";
				CLANG_ENABLE_MODULES = YES;
				CLANG_ENABLE_OBJC_ARC = YES;
				CLANG_ENABLE_OBJC_WEAK = YES;
				CLANG_WARN_BLOCK_CAPTURE_AUTORELEASING = YES;
				CLANG_WARN_BOOL_CONVERSION = YES;
				CLANG_WARN_COMMA = YES;
				CLANG_WARN_CONSTANT_CONVERSION = YES;
				CLANG_WARN_DEPRECATED_OBJC_IMPLEMENTATIONS = YES;
				CLANG_WARN_DIRECT_OBJC_ISA_USAGE = YES_ERROR;
				CLANG_WARN_DOCUMENTATION_COMMENTS = YES;
				CLANG_WARN_EMPTY_BODY = YES;
				CLANG_WARN_ENUM_CONVERSION = YES;
				CLANG_WARN_INFINITE_RECURSION = YES;
				CLANG_WARN_INT_CONVERSION = YES;
				CLANG_WARN_NON_LITERAL_NULL_CONVERSION = YES;
				CLANG_WARN_OBJC_IMPLICIT_RETAIN_SELF = YES;
				CLANG_WARN_OBJC_LITERAL_CONVERSION = YES;
				CLANG_WARN_OBJC_ROOT_CLASS = YES_ERROR;
				CLANG_WARN_QUOTED_INCLUDE_IN_FRAMEWORK_HEADER = YES;
				CLANG_WARN_RANGE_LOOP_ANALYSIS = YES;
				CLANG_WARN_STRICT_PROTOTYPES = YES;
				CLANG_WARN_SUSPICIOUS_MOVE = YES;
				CLANG_WARN_UNGUARDED_AVAILABILITY = YES_AGGRESSIVE;
				CLANG_WARN_UNREACHABLE_CODE = YES;
				CLANG_WARN__DUPLICATE_METHOD_MATCH = YES;
				COPY_PHASE_STRIP = NO;
				DEBUG_INFORMATION_FORMAT = "dwarf-with-dsym";
				ENABLE_NS_ASSERTIONS = NO;
				ENABLE_STRICT_OBJC_MSGSEND = YES;
				GCC_C_LANGUAGE_STANDARD = gnu11;
				GCC_NO_COMMON_BLOCKS = YES;
				GCC_WARN_64_TO_32_BIT_CONVERSION = YES;
				GCC_WARN_ABOUT_RETURN_TYPE = YES_ERROR;
				GCC_WARN_UNDECLARED_SELECTOR = YES;
				GCC_WARN_UNINITIALIZED_AUTOS = YES_AGGRESSIVE;
				GCC_WARN_UNUSED_FUNCTION = YES;
				GCC_WARN_UNUSED_VARIABLE = YES;
				IPHONEOS_DEPLOYMENT_TARGET = 15.5;
				MTL_ENABLE_DEBUG_INFO = NO;
				MTL_FAST_MATH = YES;
				SDKROOT = iphoneos;
				SWIFT_COMPILATION_MODE = wholemodule;
				SWIFT_OPTIMIZATION_LEVEL = "-O";
				VALIDATE_PRODUCT = YES;
			};
			name = Release;
		};
		F4C9C8612899794F007584D8 /* Debug */ = {
			isa = XCBuildConfiguration;
			buildSettings = {
				ASSETCATALOG_COMPILER_APPICON_NAME = AppIcon;
				ASSETCATALOG_COMPILER_GLOBAL_ACCENT_COLOR_NAME = AccentColor;
				CODE_SIGN_STYLE = Automatic;
				CURRENT_PROJECT_VERSION = 1;
				DEVELOPMENT_ASSET_PATHS = "\"Touchdown/Preview Content\"";
				DEVELOPMENT_TEAM = ZFAQZ35YP7;
				ENABLE_PREVIEWS = YES;
				GENERATE_INFOPLIST_FILE = YES;
				INFOPLIST_FILE = Touchdown/Info.plist;
				INFOPLIST_KEY_UIApplicationSceneManifest_Generation = YES;
				INFOPLIST_KEY_UIApplicationSupportsIndirectInputEvents = YES;
				INFOPLIST_KEY_UISupportedInterfaceOrientations = UIInterfaceOrientationPortrait;
				INFOPLIST_KEY_UISupportedInterfaceOrientations_iPad = "UIInterfaceOrientationPortrait UIInterfaceOrientationPortraitUpsideDown UIInterfaceOrientationLandscapeLeft UIInterfaceOrientationLandscapeRight";
				INFOPLIST_KEY_UISupportedInterfaceOrientations_iPhone = "UIInterfaceOrientationPortrait UIInterfaceOrientationLandscapeLeft UIInterfaceOrientationLandscapeRight";
				INFOPLIST_KEY_UIUserInterfaceStyle = Light;
				LD_RUNPATH_SEARCH_PATHS = (
					"$(inherited)",
					"@executable_path/Frameworks",
				);
				MARKETING_VERSION = 1.0;
				PRODUCT_BUNDLE_IDENTIFIER = com.yukisuzuki.Touchdown;
				PRODUCT_NAME = "$(TARGET_NAME)";
				SWIFT_EMIT_LOC_STRINGS = YES;
				SWIFT_VERSION = 5.0;
				TARGETED_DEVICE_FAMILY = "1,2";
			};
			name = Debug;
		};
		F4C9C8622899794F007584D8 /* Release */ = {
			isa = XCBuildConfiguration;
			buildSettings = {
				ASSETCATALOG_COMPILER_APPICON_NAME = AppIcon;
				ASSETCATALOG_COMPILER_GLOBAL_ACCENT_COLOR_NAME = AccentColor;
				CODE_SIGN_STYLE = Automatic;
				CURRENT_PROJECT_VERSION = 1;
				DEVELOPMENT_ASSET_PATHS = "\"Touchdown/Preview Content\"";
				DEVELOPMENT_TEAM = ZFAQZ35YP7;
				ENABLE_PREVIEWS = YES;
				GENERATE_INFOPLIST_FILE = YES;
				INFOPLIST_FILE = Touchdown/Info.plist;
				INFOPLIST_KEY_UIApplicationSceneManifest_Generation = YES;
				INFOPLIST_KEY_UIApplicationSupportsIndirectInputEvents = YES;
				INFOPLIST_KEY_UISupportedInterfaceOrientations = UIInterfaceOrientationPortrait;
				INFOPLIST_KEY_UISupportedInterfaceOrientations_iPad = "UIInterfaceOrientationPortrait UIInterfaceOrientationPortraitUpsideDown UIInterfaceOrientationLandscapeLeft UIInterfaceOrientationLandscapeRight";
				INFOPLIST_KEY_UISupportedInterfaceOrientations_iPhone = "UIInterfaceOrientationPortrait UIInterfaceOrientationLandscapeLeft UIInterfaceOrientationLandscapeRight";
				INFOPLIST_KEY_UIUserInterfaceStyle = Light;
				LD_RUNPATH_SEARCH_PATHS = (
					"$(inherited)",
					"@executable_path/Frameworks",
				);
				MARKETING_VERSION = 1.0;
				PRODUCT_BUNDLE_IDENTIFIER = com.yukisuzuki.Touchdown;
				PRODUCT_NAME = "$(TARGET_NAME)";
				SWIFT_EMIT_LOC_STRINGS = YES;
				SWIFT_VERSION = 5.0;
				TARGETED_DEVICE_FAMILY = "1,2";
			};
			name = Release;
		};
/* End XCBuildConfiguration section */

/* Begin XCConfigurationList section */
		F4C9C84D2899794E007584D8 /* Build configuration list for PBXProject "Touchdown" */ = {
			isa = XCConfigurationList;
			buildConfigurations = (
				F4C9C85E2899794F007584D8 /* Debug */,
				F4C9C85F2899794F007584D8 /* Release */,
			);
			defaultConfigurationIsVisible = 0;
			defaultConfigurationName = Release;
		};
		F4C9C8602899794F007584D8 /* Build configuration list for PBXNativeTarget "Touchdown" */ = {
			isa = XCConfigurationList;
			buildConfigurations = (
				F4C9C8612899794F007584D8 /* Debug */,
				F4C9C8622899794F007584D8 /* Release */,
			);
			defaultConfigurationIsVisible = 0;
			defaultConfigurationName = Release;
		};
/* End XCConfigurationList section */
	};
	rootObject = F4C9C84A2899794E007584D8 /* Project object */;
}
