// !$*UTF8*$!
{
	archiveVersion = 1;
	classes = {
	};
	objectVersion = 55;
	objects = {

/* Begin PBXBuildFile section */
		F47B44882891A1BE00707101 /* FruitRowView.swift in Sources */ = {isa = PBXBuildFile; fileRef = F47B44872891A1BE00707101 /* FruitRowView.swift */; };
		F47B448A2891A51500707101 /* FruitDetailView.swift in Sources */ = {isa = PBXBuildFile; fileRef = F47B44892891A51500707101 /* FruitDetailView.swift */; };
		F47B448C2891AA9F00707101 /* FruitHeaderView.swift in Sources */ = {isa = PBXBuildFile; fileRef = F47B448B2891AA9F00707101 /* FruitHeaderView.swift */; };
		F47B448E2891BE5D00707101 /* SourceLinkView.swift in Sources */ = {isa = PBXBuildFile; fileRef = F47B448D2891BE5D00707101 /* SourceLinkView.swift */; };
		F47B44902891C00800707101 /* FruitNutrientsView.swift in Sources */ = {isa = PBXBuildFile; fileRef = F47B448F2891C00800707101 /* FruitNutrientsView.swift */; };
		F47B44922891C93600707101 /* SettingsView.swift in Sources */ = {isa = PBXBuildFile; fileRef = F47B44912891C93600707101 /* SettingsView.swift */; };
		F47B44942891CE2E00707101 /* SettingsLabelView.swift in Sources */ = {isa = PBXBuildFile; fileRef = F47B44932891CE2E00707101 /* SettingsLabelView.swift */; };
		F47B44962891D36A00707101 /* SettingsRowView.swift in Sources */ = {isa = PBXBuildFile; fileRef = F47B44952891D36A00707101 /* SettingsRowView.swift */; };
		F4E46DD0288F302C00635405 /* FructusApp.swift in Sources */ = {isa = PBXBuildFile; fileRef = F4E46DCF288F302C00635405 /* FructusApp.swift */; };
		F4E46DD2288F302C00635405 /* ContentView.swift in Sources */ = {isa = PBXBuildFile; fileRef = F4E46DD1288F302C00635405 /* ContentView.swift */; };
		F4E46DD4288F302D00635405 /* Assets.xcassets in Resources */ = {isa = PBXBuildFile; fileRef = F4E46DD3288F302D00635405 /* Assets.xcassets */; };
		F4E46DD7288F302D00635405 /* Preview Assets.xcassets in Resources */ = {isa = PBXBuildFile; fileRef = F4E46DD6288F302D00635405 /* Preview Assets.xcassets */; };
		F4E46DE0288F380600635405 /* FruitCardView.swift in Sources */ = {isa = PBXBuildFile; fileRef = F4E46DDF288F380600635405 /* FruitCardView.swift */; };
		F4E46DE2288F3D4E00635405 /* StartButtonView.swift in Sources */ = {isa = PBXBuildFile; fileRef = F4E46DE1288F3D4E00635405 /* StartButtonView.swift */; };
		F4E46DE4288F4CBD00635405 /* OnboardingView.swift in Sources */ = {isa = PBXBuildFile; fileRef = F4E46DE3288F4CBD00635405 /* OnboardingView.swift */; };
		F4E46DE7288F4E4600635405 /* FruitModel.swift in Sources */ = {isa = PBXBuildFile; fileRef = F4E46DE6288F4E4500635405 /* FruitModel.swift */; };
		F4E46DEA288F4F1D00635405 /* FruitData.swift in Sources */ = {isa = PBXBuildFile; fileRef = F4E46DE9288F4F1D00635405 /* FruitData.swift */; };
/* End PBXBuildFile section */

/* Begin PBXFileReference section */
		F47B44872891A1BE00707101 /* FruitRowView.swift */ = {isa = PBXFileReference; lastKnownFileType = sourcecode.swift; path = FruitRowView.swift; sourceTree = "<group>"; };
		F47B44892891A51500707101 /* FruitDetailView.swift */ = {isa = PBXFileReference; lastKnownFileType = sourcecode.swift; path = FruitDetailView.swift; sourceTree = "<group>"; };
		F47B448B2891AA9F00707101 /* FruitHeaderView.swift */ = {isa = PBXFileReference; lastKnownFileType = sourcecode.swift; path = FruitHeaderView.swift; sourceTree = "<group>"; };
		F47B448D2891BE5D00707101 /* SourceLinkView.swift */ = {isa = PBXFileReference; lastKnownFileType = sourcecode.swift; path = SourceLinkView.swift; sourceTree = "<group>"; };
		F47B448F2891C00800707101 /* FruitNutrientsView.swift */ = {isa = PBXFileReference; lastKnownFileType = sourcecode.swift; path = FruitNutrientsView.swift; sourceTree = "<group>"; };
		F47B44912891C93600707101 /* SettingsView.swift */ = {isa = PBXFileReference; lastKnownFileType = sourcecode.swift; path = SettingsView.swift; sourceTree = "<group>"; };
		F47B44932891CE2E00707101 /* SettingsLabelView.swift */ = {isa = PBXFileReference; lastKnownFileType = sourcecode.swift; path = SettingsLabelView.swift; sourceTree = "<group>"; };
		F47B44952891D36A00707101 /* SettingsRowView.swift */ = {isa = PBXFileReference; lastKnownFileType = sourcecode.swift; path = SettingsRowView.swift; sourceTree = "<group>"; };
		F4E46DCC288F302C00635405 /* Fructus.app */ = {isa = PBXFileReference; explicitFileType = wrapper.application; includeInIndex = 0; path = Fructus.app; sourceTree = BUILT_PRODUCTS_DIR; };
		F4E46DCF288F302C00635405 /* FructusApp.swift */ = {isa = PBXFileReference; lastKnownFileType = sourcecode.swift; path = FructusApp.swift; sourceTree = "<group>"; };
		F4E46DD1288F302C00635405 /* ContentView.swift */ = {isa = PBXFileReference; lastKnownFileType = sourcecode.swift; path = ContentView.swift; sourceTree = "<group>"; };
		F4E46DD3288F302D00635405 /* Assets.xcassets */ = {isa = PBXFileReference; lastKnownFileType = folder.assetcatalog; path = Assets.xcassets; sourceTree = "<group>"; };
		F4E46DD6288F302D00635405 /* Preview Assets.xcassets */ = {isa = PBXFileReference; lastKnownFileType = folder.assetcatalog; path = "Preview Assets.xcassets"; sourceTree = "<group>"; };
		F4E46DDF288F380600635405 /* FruitCardView.swift */ = {isa = PBXFileReference; lastKnownFileType = sourcecode.swift; path = FruitCardView.swift; sourceTree = "<group>"; };
		F4E46DE1288F3D4E00635405 /* StartButtonView.swift */ = {isa = PBXFileReference; lastKnownFileType = sourcecode.swift; path = StartButtonView.swift; sourceTree = "<group>"; };
		F4E46DE3288F4CBD00635405 /* OnboardingView.swift */ = {isa = PBXFileReference; lastKnownFileType = sourcecode.swift; path = OnboardingView.swift; sourceTree = "<group>"; };
		F4E46DE6288F4E4500635405 /* FruitModel.swift */ = {isa = PBXFileReference; lastKnownFileType = sourcecode.swift; path = FruitModel.swift; sourceTree = "<group>"; };
		F4E46DE9288F4F1D00635405 /* FruitData.swift */ = {isa = PBXFileReference; lastKnownFileType = sourcecode.swift; path = FruitData.swift; sourceTree = "<group>"; };
/* End PBXFileReference section */

/* Begin PBXFrameworksBuildPhase section */
		F4E46DC9288F302C00635405 /* Frameworks */ = {
			isa = PBXFrameworksBuildPhase;
			buildActionMask = 2147483647;
			files = (
			);
			runOnlyForDeploymentPostprocessing = 0;
		};
/* End PBXFrameworksBuildPhase section */

/* Begin PBXGroup section */
		F4E46DC3288F302C00635405 = {
			isa = PBXGroup;
			children = (
				F4E46DCE288F302C00635405 /* Fructus */,
				F4E46DCD288F302C00635405 /* Products */,
			);
			sourceTree = "<group>";
		};
		F4E46DCD288F302C00635405 /* Products */ = {
			isa = PBXGroup;
			children = (
				F4E46DCC288F302C00635405 /* Fructus.app */,
			);
			name = Products;
			sourceTree = "<group>";
		};
		F4E46DCE288F302C00635405 /* Fructus */ = {
			isa = PBXGroup;
			children = (
				F4E46DE8288F4F0D00635405 /* Data */,
				F4E46DE5288F4E2700635405 /* Model */,
				F4E46DDE288F37EB00635405 /* Views */,
				F4E46DDD288F37CB00635405 /* App */,
				F4E46DD3288F302D00635405 /* Assets.xcassets */,
				F4E46DD5288F302D00635405 /* Preview Content */,
			);
			path = Fructus;
			sourceTree = "<group>";
		};
		F4E46DD5288F302D00635405 /* Preview Content */ = {
			isa = PBXGroup;
			children = (
				F4E46DD6288F302D00635405 /* Preview Assets.xcassets */,
			);
			path = "Preview Content";
			sourceTree = "<group>";
		};
		F4E46DDD288F37CB00635405 /* App */ = {
			isa = PBXGroup;
			children = (
				F4E46DCF288F302C00635405 /* FructusApp.swift */,
				F4E46DD1288F302C00635405 /* ContentView.swift */,
				F4E46DE3288F4CBD00635405 /* OnboardingView.swift */,
				F47B44892891A51500707101 /* FruitDetailView.swift */,
			);
			path = App;
			sourceTree = "<group>";
		};
		F4E46DDE288F37EB00635405 /* Views */ = {
			isa = PBXGroup;
			children = (
				F4E46DDF288F380600635405 /* FruitCardView.swift */,
				F4E46DE1288F3D4E00635405 /* StartButtonView.swift */,
				F47B44872891A1BE00707101 /* FruitRowView.swift */,
				F47B448B2891AA9F00707101 /* FruitHeaderView.swift */,
				F47B448D2891BE5D00707101 /* SourceLinkView.swift */,
				F47B448F2891C00800707101 /* FruitNutrientsView.swift */,
				F47B44912891C93600707101 /* SettingsView.swift */,
				F47B44932891CE2E00707101 /* SettingsLabelView.swift */,
				F47B44952891D36A00707101 /* SettingsRowView.swift */,
			);
			path = Views;
			sourceTree = "<group>";
		};
		F4E46DE5288F4E2700635405 /* Model */ = {
			isa = PBXGroup;
			children = (
				F4E46DE6288F4E4500635405 /* FruitModel.swift */,
			);
			path = Model;
			sourceTree = "<group>";
		};
		F4E46DE8288F4F0D00635405 /* Data */ = {
			isa = PBXGroup;
			children = (
				F4E46DE9288F4F1D00635405 /* FruitData.swift */,
			);
			path = Data;
			sourceTree = "<group>";
		};
/* End PBXGroup section */

/* Begin PBXNativeTarget section */
		F4E46DCB288F302C00635405 /* Fructus */ = {
			isa = PBXNativeTarget;
			buildConfigurationList = F4E46DDA288F302D00635405 /* Build configuration list for PBXNativeTarget "Fructus" */;
			buildPhases = (
				F4E46DC8288F302C00635405 /* Sources */,
				F4E46DC9288F302C00635405 /* Frameworks */,
				F4E46DCA288F302C00635405 /* Resources */,
			);
			buildRules = (
			);
			dependencies = (
			);
			name = Fructus;
			productName = Fructus;
			productReference = F4E46DCC288F302C00635405 /* Fructus.app */;
			productType = "com.apple.product-type.application";
		};
/* End PBXNativeTarget section */

/* Begin PBXProject section */
		F4E46DC4288F302C00635405 /* Project object */ = {
			isa = PBXProject;
			attributes = {
				BuildIndependentTargetsInParallel = 1;
				LastSwiftUpdateCheck = 1340;
				LastUpgradeCheck = 1340;
				TargetAttributes = {
					F4E46DCB288F302C00635405 = {
						CreatedOnToolsVersion = 13.4.1;
					};
				};
			};
			buildConfigurationList = F4E46DC7288F302C00635405 /* Build configuration list for PBXProject "Fructus" */;
			compatibilityVersion = "Xcode 13.0";
			developmentRegion = en;
			hasScannedForEncodings = 0;
			knownRegions = (
				en,
				Base,
			);
			mainGroup = F4E46DC3288F302C00635405;
			productRefGroup = F4E46DCD288F302C00635405 /* Products */;
			projectDirPath = "";
			projectRoot = "";
			targets = (
				F4E46DCB288F302C00635405 /* Fructus */,
			);
		};
/* End PBXProject section */

/* Begin PBXResourcesBuildPhase section */
		F4E46DCA288F302C00635405 /* Resources */ = {
			isa = PBXResourcesBuildPhase;
			buildActionMask = 2147483647;
			files = (
				F4E46DD7288F302D00635405 /* Preview Assets.xcassets in Resources */,
				F4E46DD4288F302D00635405 /* Assets.xcassets in Resources */,
			);
			runOnlyForDeploymentPostprocessing = 0;
		};
/* End PBXResourcesBuildPhase section */

/* Begin PBXSourcesBuildPhase section */
		F4E46DC8288F302C00635405 /* Sources */ = {
			isa = PBXSourcesBuildPhase;
			buildActionMask = 2147483647;
			files = (
				F47B44942891CE2E00707101 /* SettingsLabelView.swift in Sources */,
				F4E46DEA288F4F1D00635405 /* FruitData.swift in Sources */,
				F47B44962891D36A00707101 /* SettingsRowView.swift in Sources */,
				F47B448E2891BE5D00707101 /* SourceLinkView.swift in Sources */,
				F4E46DD2288F302C00635405 /* ContentView.swift in Sources */,
				F47B44882891A1BE00707101 /* FruitRowView.swift in Sources */,
				F47B44902891C00800707101 /* FruitNutrientsView.swift in Sources */,
				F4E46DE2288F3D4E00635405 /* StartButtonView.swift in Sources */,
				F47B448A2891A51500707101 /* FruitDetailView.swift in Sources */,
				F4E46DE0288F380600635405 /* FruitCardView.swift in Sources */,
				F47B44922891C93600707101 /* SettingsView.swift in Sources */,
				F47B448C2891AA9F00707101 /* FruitHeaderView.swift in Sources */,
				F4E46DE4288F4CBD00635405 /* OnboardingView.swift in Sources */,
				F4E46DE7288F4E4600635405 /* FruitModel.swift in Sources */,
				F4E46DD0288F302C00635405 /* FructusApp.swift in Sources */,
			);
			runOnlyForDeploymentPostprocessing = 0;
		};
/* End PBXSourcesBuildPhase section */

/* Begin XCBuildConfiguration section */
		F4E46DD8288F302D00635405 /* Debug */ = {
			isa = XCBuildConfiguration;
			buildSettings = {
				ALWAYS_SEARCH_USER_PATHS = NO;
				CLANG_ANALYZER_NONNULL = YES;
				CLANG_ANALYZER_NUMBER_OBJECT_CONVERSION = YES_AGGRESSIVE;
				CLANG_CXX_LANGUAGE_STANDARD = "gnu++17";
				CLANG_ENABLE_MODULES = YES;
				CLANG_ENABLE_OBJC_ARC = YES;
				CLANG_ENABLE_OBJC_WEAK = YES;
				CLANG_WARN_BLOCK_CAPTURE_AUTORELEASING = YES;
				CLANG_WARN_BOOL_CONVERSION = YES;
				CLANG_WARN_COMMA = YES;
				CLANG_WARN_CONSTANT_CONVERSION = YES;
				CLANG_WARN_DEPRECATED_OBJC_IMPLEMENTATIONS = YES;
				CLANG_WARN_DIRECT_OBJC_ISA_USAGE = YES_ERROR;
				CLANG_WARN_DOCUMENTATION_COMMENTS = YES;
				CLANG_WARN_EMPTY_BODY = YES;
				CLANG_WARN_ENUM_CONVERSION = YES;
				CLANG_WARN_INFINITE_RECURSION = YES;
				CLANG_WARN_INT_CONVERSION = YES;
				CLANG_WARN_NON_LITERAL_NULL_CONVERSION = YES;
				CLANG_WARN_OBJC_IMPLICIT_RETAIN_SELF = YES;
				CLANG_WARN_OBJC_LITERAL_CONVERSION = YES;
				CLANG_WARN_OBJC_ROOT_CLASS = YES_ERROR;
				CLANG_WARN_QUOTED_INCLUDE_IN_FRAMEWORK_HEADER = YES;
				CLANG_WARN_RANGE_LOOP_ANALYSIS = YES;
				CLANG_WARN_STRICT_PROTOTYPES = YES;
				CLANG_WARN_SUSPICIOUS_MOVE = YES;
				CLANG_WARN_UNGUARDED_AVAILABILITY = YES_AGGRESSIVE;
				CLANG_WARN_UNREACHABLE_CODE = YES;
				CLANG_WARN__DUPLICATE_METHOD_MATCH = YES;
				COPY_PHASE_STRIP = NO;
				DEBUG_INFORMATION_FORMAT = dwarf;
				ENABLE_STRICT_OBJC_MSGSEND = YES;
				ENABLE_TESTABILITY = YES;
				GCC_C_LANGUAGE_STANDARD = gnu11;
				GCC_DYNAMIC_NO_PIC = NO;
				GCC_NO_COMMON_BLOCKS = YES;
				GCC_OPTIMIZATION_LEVEL = 0;
				GCC_PREPROCESSOR_DEFINITIONS = (
					"DEBUG=1",
					"$(inherited)",
				);
				GCC_WARN_64_TO_32_BIT_CONVERSION = YES;
				GCC_WARN_ABOUT_RETURN_TYPE = YES_ERROR;
				GCC_WARN_UNDECLARED_SELECTOR = YES;
				GCC_WARN_UNINITIALIZED_AUTOS = YES_AGGRESSIVE;
				GCC_WARN_UNUSED_FUNCTION = YES;
				GCC_WARN_UNUSED_VARIABLE = YES;
				IPHONEOS_DEPLOYMENT_TARGET = 15.5;
				MTL_ENABLE_DEBUG_INFO = INCLUDE_SOURCE;
				MTL_FAST_MATH = YES;
				ONLY_ACTIVE_ARCH = YES;
				SDKROOT = iphoneos;
				SWIFT_ACTIVE_COMPILATION_CONDITIONS = DEBUG;
				SWIFT_OPTIMIZATION_LEVEL = "-Onone";
			};
			name = Debug;
		};
		F4E46DD9288F302D00635405 /* Release */ = {
			isa = XCBuildConfiguration;
			buildSettings = {
				ALWAYS_SEARCH_USER_PATHS = NO;
				CLANG_ANALYZER_NONNULL = YES;
				CLANG_ANALYZER_NUMBER_OBJECT_CONVERSION = YES_AGGRESSIVE;
				CLANG_CXX_LANGUAGE_STANDARD = "gnu++17";
				CLANG_ENABLE_MODULES = YES;
				CLANG_ENABLE_OBJC_ARC = YES;
				CLANG_ENABLE_OBJC_WEAK = YES;
				CLANG_WARN_BLOCK_CAPTURE_AUTORELEASING = YES;
				CLANG_WARN_BOOL_CONVERSION = YES;
				CLANG_WARN_COMMA = YES;
				CLANG_WARN_CONSTANT_CONVERSION = YES;
				CLANG_WARN_DEPRECATED_OBJC_IMPLEMENTATIONS = YES;
				CLANG_WARN_DIRECT_OBJC_ISA_USAGE = YES_ERROR;
				CLANG_WARN_DOCUMENTATION_COMMENTS = YES;
				CLANG_WARN_EMPTY_BODY = YES;
				CLANG_WARN_ENUM_CONVERSION = YES;
				CLANG_WARN_INFINITE_RECURSION = YES;
				CLANG_WARN_INT_CONVERSION = YES;
				CLANG_WARN_NON_LITERAL_NULL_CONVERSION = YES;
				CLANG_WARN_OBJC_IMPLICIT_RETAIN_SELF = YES;
				CLANG_WARN_OBJC_LITERAL_CONVERSION = YES;
				CLANG_WARN_OBJC_ROOT_CLASS = YES_ERROR;
				CLANG_WARN_QUOTED_INCLUDE_IN_FRAMEWORK_HEADER = YES;
				CLANG_WARN_RANGE_LOOP_ANALYSIS = YES;
				CLANG_WARN_STRICT_PROTOTYPES = YES;
				CLANG_WARN_SUSPICIOUS_MOVE = YES;
				CLANG_WARN_UNGUARDED_AVAILABILITY = YES_AGGRESSIVE;
				CLANG_WARN_UNREACHABLE_CODE = YES;
				CLANG_WARN__DUPLICATE_METHOD_MATCH = YES;
				COPY_PHASE_STRIP = NO;
				DEBUG_INFORMATION_FORMAT = "dwarf-with-dsym";
				ENABLE_NS_ASSERTIONS = NO;
				ENABLE_STRICT_OBJC_MSGSEND = YES;
				GCC_C_LANGUAGE_STANDARD = gnu11;
				GCC_NO_COMMON_BLOCKS = YES;
				GCC_WARN_64_TO_32_BIT_CONVERSION = YES;
				GCC_WARN_ABOUT_RETURN_TYPE = YES_ERROR;
				GCC_WARN_UNDECLARED_SELECTOR = YES;
				GCC_WARN_UNINITIALIZED_AUTOS = YES_AGGRESSIVE;
				GCC_WARN_UNUSED_FUNCTION = YES;
				GCC_WARN_UNUSED_VARIABLE = YES;
				IPHONEOS_DEPLOYMENT_TARGET = 15.5;
				MTL_ENABLE_DEBUG_INFO = NO;
				MTL_FAST_MATH = YES;
				SDKROOT = iphoneos;
				SWIFT_COMPILATION_MODE = wholemodule;
				SWIFT_OPTIMIZATION_LEVEL = "-O";
				VALIDATE_PRODUCT = YES;
			};
			name = Release;
		};
		F4E46DDB288F302D00635405 /* Debug */ = {
			isa = XCBuildConfiguration;
			buildSettings = {
				ASSETCATALOG_COMPILER_APPICON_NAME = AppIcon;
				ASSETCATALOG_COMPILER_GLOBAL_ACCENT_COLOR_NAME = AccentColor;
				CODE_SIGN_STYLE = Automatic;
				CURRENT_PROJECT_VERSION = 1;
				DEVELOPMENT_ASSET_PATHS = "\"Fructus/Preview Content\"";
				DEVELOPMENT_TEAM = ZFAQZ35YP7;
				ENABLE_PREVIEWS = YES;
				GENERATE_INFOPLIST_FILE = YES;
				INFOPLIST_KEY_UIApplicationSceneManifest_Generation = YES;
				INFOPLIST_KEY_UIApplicationSupportsIndirectInputEvents = YES;
				INFOPLIST_KEY_UILaunchScreen_Generation = YES;
				INFOPLIST_KEY_UISupportedInterfaceOrientations = UIInterfaceOrientationPortrait;
				INFOPLIST_KEY_UISupportedInterfaceOrientations_iPad = "UIInterfaceOrientationPortrait UIInterfaceOrientationPortraitUpsideDown UIInterfaceOrientationLandscapeLeft UIInterfaceOrientationLandscapeRight";
				INFOPLIST_KEY_UISupportedInterfaceOrientations_iPhone = "UIInterfaceOrientationPortrait UIInterfaceOrientationLandscapeLeft UIInterfaceOrientationLandscapeRight";
				LD_RUNPATH_SEARCH_PATHS = (
					"$(inherited)",
					"@executable_path/Frameworks",
				);
				MARKETING_VERSION = 1.0;
				PRODUCT_BUNDLE_IDENTIFIER = com.yukisuzuki.Fructus;
				PRODUCT_NAME = "$(TARGET_NAME)";
				SWIFT_EMIT_LOC_STRINGS = YES;
				SWIFT_VERSION = 5.0;
				TARGETED_DEVICE_FAMILY = "1,2";
			};
			name = Debug;
		};
		F4E46DDC288F302D00635405 /* Release */ = {
			isa = XCBuildConfiguration;
			buildSettings = {
				ASSETCATALOG_COMPILER_APPICON_NAME = AppIcon;
				ASSETCATALOG_COMPILER_GLOBAL_ACCENT_COLOR_NAME = AccentColor;
				CODE_SIGN_STYLE = Automatic;
				CURRENT_PROJECT_VERSION = 1;
				DEVELOPMENT_ASSET_PATHS = "\"Fructus/Preview Content\"";
				DEVELOPMENT_TEAM = ZFAQZ35YP7;
				ENABLE_PREVIEWS = YES;
				GENERATE_INFOPLIST_FILE = YES;
				INFOPLIST_KEY_UIApplicationSceneManifest_Generation = YES;
				INFOPLIST_KEY_UIApplicationSupportsIndirectInputEvents = YES;
				INFOPLIST_KEY_UILaunchScreen_Generation = YES;
				INFOPLIST_KEY_UISupportedInterfaceOrientations = UIInterfaceOrientationPortrait;
				INFOPLIST_KEY_UISupportedInterfaceOrientations_iPad = "UIInterfaceOrientationPortrait UIInterfaceOrientationPortraitUpsideDown UIInterfaceOrientationLandscapeLeft UIInterfaceOrientationLandscapeRight";
				INFOPLIST_KEY_UISupportedInterfaceOrientations_iPhone = "UIInterfaceOrientationPortrait UIInterfaceOrientationLandscapeLeft UIInterfaceOrientationLandscapeRight";
				LD_RUNPATH_SEARCH_PATHS = (
					"$(inherited)",
					"@executable_path/Frameworks",
				);
				MARKETING_VERSION = 1.0;
				PRODUCT_BUNDLE_IDENTIFIER = com.yukisuzuki.Fructus;
				PRODUCT_NAME = "$(TARGET_NAME)";
				SWIFT_EMIT_LOC_STRINGS = YES;
				SWIFT_VERSION = 5.0;
				TARGETED_DEVICE_FAMILY = "1,2";
			};
			name = Release;
		};
/* End XCBuildConfiguration section */

/* Begin XCConfigurationList section */
		F4E46DC7288F302C00635405 /* Build configuration list for PBXProject "Fructus" */ = {
			isa = XCConfigurationList;
			buildConfigurations = (
				F4E46DD8288F302D00635405 /* Debug */,
				F4E46DD9288F302D00635405 /* Release */,
			);
			defaultConfigurationIsVisible = 0;
			defaultConfigurationName = Release;
		};
		F4E46DDA288F302D00635405 /* Build configuration list for PBXNativeTarget "Fructus" */ = {
			isa = XCConfigurationList;
			buildConfigurations = (
				F4E46DDB288F302D00635405 /* Debug */,
				F4E46DDC288F302D00635405 /* Release */,
			);
			defaultConfigurationIsVisible = 0;
			defaultConfigurationName = Release;
		};
/* End XCConfigurationList section */
	};
	rootObject = F4E46DC4288F302C00635405 /* Project object */;
}
