// !$*UTF8*$!
{
	archiveVersion = 1;
	classes = {
	};
	objectVersion = 55;
	objects = {

/* Begin PBXBuildFile section */
		F44D11C32892E1AA0074A3A9 /* AfricaApp.swift in Sources */ = {isa = PBXBuildFile; fileRef = F44D11C22892E1AA0074A3A9 /* AfricaApp.swift */; };
		F44D11C52892E1AA0074A3A9 /* ContentView.swift in Sources */ = {isa = PBXBuildFile; fileRef = F44D11C42892E1AA0074A3A9 /* ContentView.swift */; };
		F44D11C72892E1AB0074A3A9 /* Assets.xcassets in Resources */ = {isa = PBXBuildFile; fileRef = F44D11C62892E1AB0074A3A9 /* Assets.xcassets */; };
		F44D11CA2892E1AB0074A3A9 /* Preview Assets.xcassets in Resources */ = {isa = PBXBuildFile; fileRef = F44D11C92892E1AB0074A3A9 /* Preview Assets.xcassets */; };
		F44D11DE2892ED930074A3A9 /* gorilla.mp4 in Resources */ = {isa = PBXBuildFile; fileRef = F44D11D42892ED910074A3A9 /* gorilla.mp4 */; };
		F44D11DF2892ED930074A3A9 /* elephant.mp4 in Resources */ = {isa = PBXBuildFile; fileRef = F44D11D52892ED910074A3A9 /* elephant.mp4 */; };
		F44D11E02892ED930074A3A9 /* lioness.mp4 in Resources */ = {isa = PBXBuildFile; fileRef = F44D11D62892ED920074A3A9 /* lioness.mp4 */; };
		F44D11E12892ED930074A3A9 /* zebra.mp4 in Resources */ = {isa = PBXBuildFile; fileRef = F44D11D72892ED920074A3A9 /* zebra.mp4 */; };
		F44D11E22892ED930074A3A9 /* cheetah.mp4 in Resources */ = {isa = PBXBuildFile; fileRef = F44D11D82892ED920074A3A9 /* cheetah.mp4 */; };
		F44D11E32892ED930074A3A9 /* giraffe.mp4 in Resources */ = {isa = PBXBuildFile; fileRef = F44D11D92892ED920074A3A9 /* giraffe.mp4 */; };
		F44D11E42892ED930074A3A9 /* ostrich.mp4 in Resources */ = {isa = PBXBuildFile; fileRef = F44D11DA2892ED920074A3A9 /* ostrich.mp4 */; };
		F44D11E52892ED930074A3A9 /* lion.mp4 in Resources */ = {isa = PBXBuildFile; fileRef = F44D11DB2892ED930074A3A9 /* lion.mp4 */; };
		F44D11E62892ED930074A3A9 /* rhino.mp4 in Resources */ = {isa = PBXBuildFile; fileRef = F44D11DC2892ED930074A3A9 /* rhino.mp4 */; };
		F44D11E72892ED930074A3A9 /* hippo.mp4 in Resources */ = {isa = PBXBuildFile; fileRef = F44D11DD2892ED930074A3A9 /* hippo.mp4 */; };
		F44D11ED2892EDC70074A3A9 /* videos.json in Resources */ = {isa = PBXBuildFile; fileRef = F44D11E92892EDC60074A3A9 /* videos.json */; };
		F44D11EE2892EDC70074A3A9 /* animals.json in Resources */ = {isa = PBXBuildFile; fileRef = F44D11EA2892EDC60074A3A9 /* animals.json */; };
		F44D11EF2892EDC70074A3A9 /* covers.json in Resources */ = {isa = PBXBuildFile; fileRef = F44D11EB2892EDC60074A3A9 /* covers.json */; };
		F44D11F02892EDC70074A3A9 /* locations.json in Resources */ = {isa = PBXBuildFile; fileRef = F44D11EC2892EDC70074A3A9 /* locations.json */; };
		F44D11F42892EF610074A3A9 /* VideoListView.swift in Sources */ = {isa = PBXBuildFile; fileRef = F44D11F32892EF610074A3A9 /* VideoListView.swift */; };
		F44D11F62892EF720074A3A9 /* MapView.swift in Sources */ = {isa = PBXBuildFile; fileRef = F44D11F52892EF720074A3A9 /* MapView.swift */; };
		F44D11F82892EF800074A3A9 /* GalleryView.swift in Sources */ = {isa = PBXBuildFile; fileRef = F44D11F72892EF800074A3A9 /* GalleryView.swift */; };
		F44D11FA2892EF8C0074A3A9 /* MainView.swift in Sources */ = {isa = PBXBuildFile; fileRef = F44D11F92892EF8C0074A3A9 /* MainView.swift */; };
		F44D11FD289301E70074A3A9 /* CoverImageView.swift in Sources */ = {isa = PBXBuildFile; fileRef = F44D11FC289301E70074A3A9 /* CoverImageView.swift */; };
		F44D1202289304250074A3A9 /* CoverImage.swift in Sources */ = {isa = PBXBuildFile; fileRef = F44D1201289304250074A3A9 /* CoverImage.swift */; };
		F44D1205289305100074A3A9 /* CodableBundleExtension.swift in Sources */ = {isa = PBXBuildFile; fileRef = F44D1204289305100074A3A9 /* CodableBundleExtension.swift */; };
		F44D1207289309DF0074A3A9 /* AnimalListItemView.swift in Sources */ = {isa = PBXBuildFile; fileRef = F44D1206289309DF0074A3A9 /* AnimalListItemView.swift */; };
		F44D120928930B780074A3A9 /* AnimalModel.swift in Sources */ = {isa = PBXBuildFile; fileRef = F44D120828930B780074A3A9 /* AnimalModel.swift */; };
		F44D120B289311DA0074A3A9 /* AnimalDetailView.swift in Sources */ = {isa = PBXBuildFile; fileRef = F44D120A289311DA0074A3A9 /* AnimalDetailView.swift */; };
		F44D120D289313E00074A3A9 /* HeadingView.swift in Sources */ = {isa = PBXBuildFile; fileRef = F44D120C289313E00074A3A9 /* HeadingView.swift */; };
		F44D120F289315260074A3A9 /* InsetGalleryView.swift in Sources */ = {isa = PBXBuildFile; fileRef = F44D120E289315260074A3A9 /* InsetGalleryView.swift */; };
		F46B899A2893241A00F0E782 /* InsetFactView.swift in Sources */ = {isa = PBXBuildFile; fileRef = F46B89992893241A00F0E782 /* InsetFactView.swift */; };
		F4702D0D28942E7A0065A4A1 /* InsetMapView.swift in Sources */ = {isa = PBXBuildFile; fileRef = F4702D0C28942E7A0065A4A1 /* InsetMapView.swift */; };
		F4702D0F2894318E0065A4A1 /* ExternalWeblinkView.swift in Sources */ = {isa = PBXBuildFile; fileRef = F4702D0E2894318E0065A4A1 /* ExternalWeblinkView.swift */; };
		F4702D112894436D0065A4A1 /* VideoModel.swift in Sources */ = {isa = PBXBuildFile; fileRef = F4702D102894436C0065A4A1 /* VideoModel.swift */; };
		F4702D13289443C40065A4A1 /* VideoListItemView.swift in Sources */ = {isa = PBXBuildFile; fileRef = F4702D12289443C40065A4A1 /* VideoListItemView.swift */; };
		F4702D1528945B7D0065A4A1 /* VideoPlayerView.swift in Sources */ = {isa = PBXBuildFile; fileRef = F4702D1428945B7D0065A4A1 /* VideoPlayerView.swift */; };
		F4702D1828945C680065A4A1 /* VideoPlayerHelper.swift in Sources */ = {isa = PBXBuildFile; fileRef = F4702D1728945C680065A4A1 /* VideoPlayerHelper.swift */; };
		F4702D1C28946A330065A4A1 /* LocationModel.swift in Sources */ = {isa = PBXBuildFile; fileRef = F4702D1B28946A330065A4A1 /* LocationModel.swift */; };
		F4702D1E289470CD0065A4A1 /* MapAnnotationView.swift in Sources */ = {isa = PBXBuildFile; fileRef = F4702D1D289470CD0065A4A1 /* MapAnnotationView.swift */; };
		F4D29F8528958C5E00CA766B /* MotionAnimationView.swift in Sources */ = {isa = PBXBuildFile; fileRef = F4D29F8428958C5E00CA766B /* MotionAnimationView.swift */; };
		F4D29F87289835AE00CA766B /* AnimalGridItemView.swift in Sources */ = {isa = PBXBuildFile; fileRef = F4D29F86289835AE00CA766B /* AnimalGridItemView.swift */; };
		F4D29F8D2898723D00CA766B /* Stickers.xcassets in Resources */ = {isa = PBXBuildFile; fileRef = F4D29F8C2898723D00CA766B /* Stickers.xcassets */; };
		F4D29F912898723D00CA766B /* Stickers.appex in Embed App Extensions */ = {isa = PBXBuildFile; fileRef = F4D29F8A2898723B00CA766B /* Stickers.appex */; platformFilter = ios; settings = {ATTRIBUTES = (RemoveHeadersOnCopy, ); }; };
		F4D29F972898777900CA766B /* CreditsView.swift in Sources */ = {isa = PBXBuildFile; fileRef = F4D29F962898777900CA766B /* CreditsView.swift */; };
		F4D29F9A28987ACA00CA766B /* CenterModifier.swift in Sources */ = {isa = PBXBuildFile; fileRef = F4D29F9928987ACA00CA766B /* CenterModifier.swift */; };
/* End PBXBuildFile section */

/* Begin PBXContainerItemProxy section */
		F4D29F8F2898723D00CA766B /* PBXContainerItemProxy */ = {
			isa = PBXContainerItemProxy;
			containerPortal = F44D11B72892E1AA0074A3A9 /* Project object */;
			proxyType = 1;
			remoteGlobalIDString = F4D29F892898723B00CA766B;
			remoteInfo = Stickers;
		};
/* End PBXContainerItemProxy section */

/* Begin PBXCopyFilesBuildPhase section */
		F4D29F952898723D00CA766B /* Embed App Extensions */ = {
			isa = PBXCopyFilesBuildPhase;
			buildActionMask = 2147483647;
			dstPath = "";
			dstSubfolderSpec = 13;
			files = (
				F4D29F912898723D00CA766B /* Stickers.appex in Embed App Extensions */,
			);
			name = "Embed App Extensions";
			runOnlyForDeploymentPostprocessing = 0;
		};
/* End PBXCopyFilesBuildPhase section */

/* Begin PBXFileReference section */
		F44D11BF2892E1AA0074A3A9 /* Africa.app */ = {isa = PBXFileReference; explicitFileType = wrapper.application; includeInIndex = 0; path = Africa.app; sourceTree = BUILT_PRODUCTS_DIR; };
		F44D11C22892E1AA0074A3A9 /* AfricaApp.swift */ = {isa = PBXFileReference; lastKnownFileType = sourcecode.swift; path = AfricaApp.swift; sourceTree = "<group>"; };
		F44D11C42892E1AA0074A3A9 /* ContentView.swift */ = {isa = PBXFileReference; lastKnownFileType = sourcecode.swift; path = ContentView.swift; sourceTree = "<group>"; };
		F44D11C62892E1AB0074A3A9 /* Assets.xcassets */ = {isa = PBXFileReference; lastKnownFileType = folder.assetcatalog; path = Assets.xcassets; sourceTree = "<group>"; };
		F44D11C92892E1AB0074A3A9 /* Preview Assets.xcassets */ = {isa = PBXFileReference; lastKnownFileType = folder.assetcatalog; path = "Preview Assets.xcassets"; sourceTree = "<group>"; };
		F44D11D42892ED910074A3A9 /* gorilla.mp4 */ = {isa = PBXFileReference; lastKnownFileType = file; path = gorilla.mp4; sourceTree = "<group>"; };
		F44D11D52892ED910074A3A9 /* elephant.mp4 */ = {isa = PBXFileReference; lastKnownFileType = file; path = elephant.mp4; sourceTree = "<group>"; };
		F44D11D62892ED920074A3A9 /* lioness.mp4 */ = {isa = PBXFileReference; lastKnownFileType = file; path = lioness.mp4; sourceTree = "<group>"; };
		F44D11D72892ED920074A3A9 /* zebra.mp4 */ = {isa = PBXFileReference; lastKnownFileType = file; path = zebra.mp4; sourceTree = "<group>"; };
		F44D11D82892ED920074A3A9 /* cheetah.mp4 */ = {isa = PBXFileReference; lastKnownFileType = file; path = cheetah.mp4; sourceTree = "<group>"; };
		F44D11D92892ED920074A3A9 /* giraffe.mp4 */ = {isa = PBXFileReference; lastKnownFileType = file; path = giraffe.mp4; sourceTree = "<group>"; };
		F44D11DA2892ED920074A3A9 /* ostrich.mp4 */ = {isa = PBXFileReference; lastKnownFileType = file; path = ostrich.mp4; sourceTree = "<group>"; };
		F44D11DB2892ED930074A3A9 /* lion.mp4 */ = {isa = PBXFileReference; lastKnownFileType = file; path = lion.mp4; sourceTree = "<group>"; };
		F44D11DC2892ED930074A3A9 /* rhino.mp4 */ = {isa = PBXFileReference; lastKnownFileType = file; path = rhino.mp4; sourceTree = "<group>"; };
		F44D11DD2892ED930074A3A9 /* hippo.mp4 */ = {isa = PBXFileReference; lastKnownFileType = file; path = hippo.mp4; sourceTree = "<group>"; };
		F44D11E92892EDC60074A3A9 /* videos.json */ = {isa = PBXFileReference; fileEncoding = 4; lastKnownFileType = text.json; path = videos.json; sourceTree = "<group>"; };
		F44D11EA2892EDC60074A3A9 /* animals.json */ = {isa = PBXFileReference; fileEncoding = 4; lastKnownFileType = text.json; path = animals.json; sourceTree = "<group>"; };
		F44D11EB2892EDC60074A3A9 /* covers.json */ = {isa = PBXFileReference; fileEncoding = 4; lastKnownFileType = text.json; path = covers.json; sourceTree = "<group>"; };
		F44D11EC2892EDC70074A3A9 /* locations.json */ = {isa = PBXFileReference; fileEncoding = 4; lastKnownFileType = text.json; path = locations.json; sourceTree = "<group>"; };
		F44D11F32892EF610074A3A9 /* VideoListView.swift */ = {isa = PBXFileReference; lastKnownFileType = sourcecode.swift; path = VideoListView.swift; sourceTree = "<group>"; };
		F44D11F52892EF720074A3A9 /* MapView.swift */ = {isa = PBXFileReference; lastKnownFileType = sourcecode.swift; path = MapView.swift; sourceTree = "<group>"; };
		F44D11F72892EF800074A3A9 /* GalleryView.swift */ = {isa = PBXFileReference; lastKnownFileType = sourcecode.swift; path = GalleryView.swift; sourceTree = "<group>"; };
		F44D11F92892EF8C0074A3A9 /* MainView.swift */ = {isa = PBXFileReference; lastKnownFileType = sourcecode.swift; path = MainView.swift; sourceTree = "<group>"; };
		F44D11FC289301E70074A3A9 /* CoverImageView.swift */ = {isa = PBXFileReference; lastKnownFileType = sourcecode.swift; path = CoverImageView.swift; sourceTree = "<group>"; };
		F44D1201289304250074A3A9 /* CoverImage.swift */ = {isa = PBXFileReference; lastKnownFileType = sourcecode.swift; path = CoverImage.swift; sourceTree = "<group>"; };
		F44D1204289305100074A3A9 /* CodableBundleExtension.swift */ = {isa = PBXFileReference; lastKnownFileType = sourcecode.swift; path = CodableBundleExtension.swift; sourceTree = "<group>"; };
		F44D1206289309DF0074A3A9 /* AnimalListItemView.swift */ = {isa = PBXFileReference; lastKnownFileType = sourcecode.swift; path = AnimalListItemView.swift; sourceTree = "<group>"; };
		F44D120828930B780074A3A9 /* AnimalModel.swift */ = {isa = PBXFileReference; lastKnownFileType = sourcecode.swift; path = AnimalModel.swift; sourceTree = "<group>"; };
		F44D120A289311DA0074A3A9 /* AnimalDetailView.swift */ = {isa = PBXFileReference; lastKnownFileType = sourcecode.swift; path = AnimalDetailView.swift; sourceTree = "<group>"; };
		F44D120C289313E00074A3A9 /* HeadingView.swift */ = {isa = PBXFileReference; lastKnownFileType = sourcecode.swift; path = HeadingView.swift; sourceTree = "<group>"; };
		F44D120E289315260074A3A9 /* InsetGalleryView.swift */ = {isa = PBXFileReference; lastKnownFileType = sourcecode.swift; path = InsetGalleryView.swift; sourceTree = "<group>"; };
		F46B89992893241A00F0E782 /* InsetFactView.swift */ = {isa = PBXFileReference; lastKnownFileType = sourcecode.swift; path = InsetFactView.swift; sourceTree = "<group>"; };
		F4702D0C28942E7A0065A4A1 /* InsetMapView.swift */ = {isa = PBXFileReference; lastKnownFileType = sourcecode.swift; path = InsetMapView.swift; sourceTree = "<group>"; };
		F4702D0E2894318E0065A4A1 /* ExternalWeblinkView.swift */ = {isa = PBXFileReference; lastKnownFileType = sourcecode.swift; path = ExternalWeblinkView.swift; sourceTree = "<group>"; };
		F4702D102894436C0065A4A1 /* VideoModel.swift */ = {isa = PBXFileReference; lastKnownFileType = sourcecode.swift; path = VideoModel.swift; sourceTree = "<group>"; };
		F4702D12289443C40065A4A1 /* VideoListItemView.swift */ = {isa = PBXFileReference; lastKnownFileType = sourcecode.swift; path = VideoListItemView.swift; sourceTree = "<group>"; };
		F4702D1428945B7D0065A4A1 /* VideoPlayerView.swift */ = {isa = PBXFileReference; lastKnownFileType = sourcecode.swift; path = VideoPlayerView.swift; sourceTree = "<group>"; };
		F4702D1728945C680065A4A1 /* VideoPlayerHelper.swift */ = {isa = PBXFileReference; lastKnownFileType = sourcecode.swift; path = VideoPlayerHelper.swift; sourceTree = "<group>"; };
		F4702D1B28946A330065A4A1 /* LocationModel.swift */ = {isa = PBXFileReference; lastKnownFileType = sourcecode.swift; path = LocationModel.swift; sourceTree = "<group>"; };
		F4702D1D289470CD0065A4A1 /* MapAnnotationView.swift */ = {isa = PBXFileReference; lastKnownFileType = sourcecode.swift; path = MapAnnotationView.swift; sourceTree = "<group>"; };
		F4D29F8428958C5E00CA766B /* MotionAnimationView.swift */ = {isa = PBXFileReference; lastKnownFileType = sourcecode.swift; path = MotionAnimationView.swift; sourceTree = "<group>"; };
		F4D29F86289835AE00CA766B /* AnimalGridItemView.swift */ = {isa = PBXFileReference; lastKnownFileType = sourcecode.swift; path = AnimalGridItemView.swift; sourceTree = "<group>"; };
		F4D29F8A2898723B00CA766B /* Stickers.appex */ = {isa = PBXFileReference; explicitFileType = "wrapper.app-extension"; includeInIndex = 0; path = Stickers.appex; sourceTree = BUILT_PRODUCTS_DIR; };
		F4D29F8C2898723D00CA766B /* Stickers.xcassets */ = {isa = PBXFileReference; lastKnownFileType = folder.assetcatalog; path = Stickers.xcassets; sourceTree = "<group>"; };
		F4D29F8E2898723D00CA766B /* Info.plist */ = {isa = PBXFileReference; lastKnownFileType = text.plist.xml; path = Info.plist; sourceTree = "<group>"; };
		F4D29F962898777900CA766B /* CreditsView.swift */ = {isa = PBXFileReference; lastKnownFileType = sourcecode.swift; path = CreditsView.swift; sourceTree = "<group>"; };
		F4D29F9928987ACA00CA766B /* CenterModifier.swift */ = {isa = PBXFileReference; lastKnownFileType = sourcecode.swift; path = CenterModifier.swift; sourceTree = "<group>"; };
		F4D29F9B28987B9600CA766B /* Africa.entitlements */ = {isa = PBXFileReference; lastKnownFileType = text.plist.entitlements; path = Africa.entitlements; sourceTree = "<group>"; };
/* End PBXFileReference section */

/* Begin PBXFrameworksBuildPhase section */
		F44D11BC2892E1AA0074A3A9 /* Frameworks */ = {
			isa = PBXFrameworksBuildPhase;
			buildActionMask = 2147483647;
			files = (
			);
			runOnlyForDeploymentPostprocessing = 0;
		};
/* End PBXFrameworksBuildPhase section */

/* Begin PBXGroup section */
		F44D11B62892E1AA0074A3A9 = {
			isa = PBXGroup;
			children = (
				F44D11C12892E1AA0074A3A9 /* Africa */,
				F4D29F8B2898723B00CA766B /* Stickers */,
				F44D11C02892E1AA0074A3A9 /* Products */,
			);
			sourceTree = "<group>";
		};
		F44D11C02892E1AA0074A3A9 /* Products */ = {
			isa = PBXGroup;
			children = (
				F44D11BF2892E1AA0074A3A9 /* Africa.app */,
				F4D29F8A2898723B00CA766B /* Stickers.appex */,
			);
			name = Products;
			sourceTree = "<group>";
		};
		F44D11C12892E1AA0074A3A9 /* Africa */ = {
			isa = PBXGroup;
			children = (
				F4D29F9B28987B9600CA766B /* Africa.entitlements */,
				F4D29F9828987AA300CA766B /* Modifier */,
				F4702D1628945C3E0065A4A1 /* Utilities */,
				F44D1203289304EA0074A3A9 /* Extension */,
				F44D11FE289303EC0074A3A9 /* Model */,
				F44D11FB289301D40074A3A9 /* View */,
				F44D11E82892EDB10074A3A9 /* Data */,
				F44D11D32892ED690074A3A9 /* Video */,
				F44D11F22892EF250074A3A9 /* App */,
				F44D11C62892E1AB0074A3A9 /* Assets.xcassets */,
				F44D11C82892E1AB0074A3A9 /* Preview Content */,
			);
			path = Africa;
			sourceTree = "<group>";
		};
		F44D11C82892E1AB0074A3A9 /* Preview Content */ = {
			isa = PBXGroup;
			children = (
				F44D11C92892E1AB0074A3A9 /* Preview Assets.xcassets */,
			);
			path = "Preview Content";
			sourceTree = "<group>";
		};
		F44D11D32892ED690074A3A9 /* Video */ = {
			isa = PBXGroup;
			children = (
				F44D11D82892ED920074A3A9 /* cheetah.mp4 */,
				F44D11D52892ED910074A3A9 /* elephant.mp4 */,
				F44D11D92892ED920074A3A9 /* giraffe.mp4 */,
				F44D11D42892ED910074A3A9 /* gorilla.mp4 */,
				F44D11DD2892ED930074A3A9 /* hippo.mp4 */,
				F44D11DB2892ED930074A3A9 /* lion.mp4 */,
				F44D11D62892ED920074A3A9 /* lioness.mp4 */,
				F44D11DA2892ED920074A3A9 /* ostrich.mp4 */,
				F44D11DC2892ED930074A3A9 /* rhino.mp4 */,
				F44D11D72892ED920074A3A9 /* zebra.mp4 */,
			);
			path = Video;
			sourceTree = "<group>";
		};
		F44D11E82892EDB10074A3A9 /* Data */ = {
			isa = PBXGroup;
			children = (
				F44D11EA2892EDC60074A3A9 /* animals.json */,
				F44D11EB2892EDC60074A3A9 /* covers.json */,
				F44D11EC2892EDC70074A3A9 /* locations.json */,
				F44D11E92892EDC60074A3A9 /* videos.json */,
			);
			path = Data;
			sourceTree = "<group>";
		};
		F44D11F22892EF250074A3A9 /* App */ = {
			isa = PBXGroup;
			children = (
				F44D11C22892E1AA0074A3A9 /* AfricaApp.swift */,
				F44D11C42892E1AA0074A3A9 /* ContentView.swift */,
				F44D11F32892EF610074A3A9 /* VideoListView.swift */,
				F44D11F52892EF720074A3A9 /* MapView.swift */,
				F44D11F72892EF800074A3A9 /* GalleryView.swift */,
				F44D11F92892EF8C0074A3A9 /* MainView.swift */,
			);
			path = App;
			sourceTree = "<group>";
		};
		F44D11FB289301D40074A3A9 /* View */ = {
			isa = PBXGroup;
			children = (
				F44D11FC289301E70074A3A9 /* CoverImageView.swift */,
				F44D1206289309DF0074A3A9 /* AnimalListItemView.swift */,
				F44D120A289311DA0074A3A9 /* AnimalDetailView.swift */,
				F44D120C289313E00074A3A9 /* HeadingView.swift */,
				F44D120E289315260074A3A9 /* InsetGalleryView.swift */,
				F46B89992893241A00F0E782 /* InsetFactView.swift */,
				F4702D0C28942E7A0065A4A1 /* InsetMapView.swift */,
				F4702D0E2894318E0065A4A1 /* ExternalWeblinkView.swift */,
				F4702D12289443C40065A4A1 /* VideoListItemView.swift */,
				F4702D1428945B7D0065A4A1 /* VideoPlayerView.swift */,
				F4702D1D289470CD0065A4A1 /* MapAnnotationView.swift */,
				F4D29F8428958C5E00CA766B /* MotionAnimationView.swift */,
				F4D29F86289835AE00CA766B /* AnimalGridItemView.swift */,
				F4D29F962898777900CA766B /* CreditsView.swift */,
			);
			path = View;
			sourceTree = "<group>";
		};
		F44D11FE289303EC0074A3A9 /* Model */ = {
			isa = PBXGroup;
			children = (
				F44D1201289304250074A3A9 /* CoverImage.swift */,
				F44D120828930B780074A3A9 /* AnimalModel.swift */,
				F4702D102894436C0065A4A1 /* VideoModel.swift */,
				F4702D1B28946A330065A4A1 /* LocationModel.swift */,
			);
			path = Model;
			sourceTree = "<group>";
		};
		F44D1203289304EA0074A3A9 /* Extension */ = {
			isa = PBXGroup;
			children = (
				F44D1204289305100074A3A9 /* CodableBundleExtension.swift */,
			);
			path = Extension;
			sourceTree = "<group>";
		};
		F4702D1628945C3E0065A4A1 /* Utilities */ = {
			isa = PBXGroup;
			children = (
				F4702D1728945C680065A4A1 /* VideoPlayerHelper.swift */,
			);
			path = Utilities;
			sourceTree = "<group>";
		};
		F4D29F8B2898723B00CA766B /* Stickers */ = {
			isa = PBXGroup;
			children = (
				F4D29F8C2898723D00CA766B /* Stickers.xcassets */,
				F4D29F8E2898723D00CA766B /* Info.plist */,
			);
			path = Stickers;
			sourceTree = "<group>";
		};
		F4D29F9828987AA300CA766B /* Modifier */ = {
			isa = PBXGroup;
			children = (
				F4D29F9928987ACA00CA766B /* CenterModifier.swift */,
			);
			path = Modifier;
			sourceTree = "<group>";
		};
/* End PBXGroup section */

/* Begin PBXNativeTarget section */
		F44D11BE2892E1AA0074A3A9 /* Africa */ = {
			isa = PBXNativeTarget;
			buildConfigurationList = F44D11CD2892E1AB0074A3A9 /* Build configuration list for PBXNativeTarget "Africa" */;
			buildPhases = (
				F44D11BB2892E1AA0074A3A9 /* Sources */,
				F44D11BC2892E1AA0074A3A9 /* Frameworks */,
				F44D11BD2892E1AA0074A3A9 /* Resources */,
				F4D29F952898723D00CA766B /* Embed App Extensions */,
			);
			buildRules = (
			);
			dependencies = (
				F4D29F902898723D00CA766B /* PBXTargetDependency */,
			);
			name = Africa;
			productName = Africa;
			productReference = F44D11BF2892E1AA0074A3A9 /* Africa.app */;
			productType = "com.apple.product-type.application";
		};
		F4D29F892898723B00CA766B /* Stickers */ = {
			isa = PBXNativeTarget;
			buildConfigurationList = F4D29F922898723D00CA766B /* Build configuration list for PBXNativeTarget "Stickers" */;
			buildPhases = (
				F4D29F882898723B00CA766B /* Resources */,
			);
			buildRules = (
			);
			dependencies = (
			);
			name = Stickers;
			productName = Stickers;
			productReference = F4D29F8A2898723B00CA766B /* Stickers.appex */;
			productType = "com.apple.product-type.app-extension.messages-sticker-pack";
		};
/* End PBXNativeTarget section */

/* Begin PBXProject section */
		F44D11B72892E1AA0074A3A9 /* Project object */ = {
			isa = PBXProject;
			attributes = {
				BuildIndependentTargetsInParallel = 1;
				LastSwiftUpdateCheck = 1340;
				LastUpgradeCheck = 1340;
				TargetAttributes = {
					F44D11BE2892E1AA0074A3A9 = {
						CreatedOnToolsVersion = 13.4.1;
					};
					F4D29F892898723B00CA766B = {
						CreatedOnToolsVersion = 13.4.1;
					};
				};
			};
			buildConfigurationList = F44D11BA2892E1AA0074A3A9 /* Build configuration list for PBXProject "Africa" */;
			compatibilityVersion = "Xcode 13.0";
			developmentRegion = en;
			hasScannedForEncodings = 0;
			knownRegions = (
				en,
				Base,
			);
			mainGroup = F44D11B62892E1AA0074A3A9;
			productRefGroup = F44D11C02892E1AA0074A3A9 /* Products */;
			projectDirPath = "";
			projectRoot = "";
			targets = (
				F44D11BE2892E1AA0074A3A9 /* Africa */,
				F4D29F892898723B00CA766B /* Stickers */,
			);
		};
/* End PBXProject section */

/* Begin PBXResourcesBuildPhase section */
		F44D11BD2892E1AA0074A3A9 /* Resources */ = {
			isa = PBXResourcesBuildPhase;
			buildActionMask = 2147483647;
			files = (
				F44D11DF2892ED930074A3A9 /* elephant.mp4 in Resources */,
				F44D11CA2892E1AB0074A3A9 /* Preview Assets.xcassets in Resources */,
				F44D11F02892EDC70074A3A9 /* locations.json in Resources */,
				F44D11E02892ED930074A3A9 /* lioness.mp4 in Resources */,
				F44D11E52892ED930074A3A9 /* lion.mp4 in Resources */,
				F44D11ED2892EDC70074A3A9 /* videos.json in Resources */,
				F44D11E72892ED930074A3A9 /* hippo.mp4 in Resources */,
				F44D11E42892ED930074A3A9 /* ostrich.mp4 in Resources */,
				F44D11EE2892EDC70074A3A9 /* animals.json in Resources */,
				F44D11DE2892ED930074A3A9 /* gorilla.mp4 in Resources */,
				F44D11E12892ED930074A3A9 /* zebra.mp4 in Resources */,
				F44D11EF2892EDC70074A3A9 /* covers.json in Resources */,
				F44D11C72892E1AB0074A3A9 /* Assets.xcassets in Resources */,
				F44D11E32892ED930074A3A9 /* giraffe.mp4 in Resources */,
				F44D11E62892ED930074A3A9 /* rhino.mp4 in Resources */,
				F44D11E22892ED930074A3A9 /* cheetah.mp4 in Resources */,
			);
			runOnlyForDeploymentPostprocessing = 0;
		};
		F4D29F882898723B00CA766B /* Resources */ = {
			isa = PBXResourcesBuildPhase;
			buildActionMask = 2147483647;
			files = (
				F4D29F8D2898723D00CA766B /* Stickers.xcassets in Resources */,
			);
			runOnlyForDeploymentPostprocessing = 0;
		};
/* End PBXResourcesBuildPhase section */

/* Begin PBXSourcesBuildPhase section */
		F44D11BB2892E1AA0074A3A9 /* Sources */ = {
			isa = PBXSourcesBuildPhase;
			buildActionMask = 2147483647;
			files = (
				F4702D0F2894318E0065A4A1 /* ExternalWeblinkView.swift in Sources */,
				F44D11C52892E1AA0074A3A9 /* ContentView.swift in Sources */,
				F44D1207289309DF0074A3A9 /* AnimalListItemView.swift in Sources */,
				F44D11FA2892EF8C0074A3A9 /* MainView.swift in Sources */,
				F46B899A2893241A00F0E782 /* InsetFactView.swift in Sources */,
				F44D11FD289301E70074A3A9 /* CoverImageView.swift in Sources */,
				F44D11F62892EF720074A3A9 /* MapView.swift in Sources */,
				F44D120B289311DA0074A3A9 /* AnimalDetailView.swift in Sources */,
				F44D120928930B780074A3A9 /* AnimalModel.swift in Sources */,
				F44D11C32892E1AA0074A3A9 /* AfricaApp.swift in Sources */,
				F4702D1828945C680065A4A1 /* VideoPlayerHelper.swift in Sources */,
				F4702D0D28942E7A0065A4A1 /* InsetMapView.swift in Sources */,
				F44D1202289304250074A3A9 /* CoverImage.swift in Sources */,
				F4702D1E289470CD0065A4A1 /* MapAnnotationView.swift in Sources */,
				F44D11F42892EF610074A3A9 /* VideoListView.swift in Sources */,
				F4702D112894436D0065A4A1 /* VideoModel.swift in Sources */,
				F44D11F82892EF800074A3A9 /* GalleryView.swift in Sources */,
				F4702D1C28946A330065A4A1 /* LocationModel.swift in Sources */,
				F4D29F87289835AE00CA766B /* AnimalGridItemView.swift in Sources */,
				F44D120F289315260074A3A9 /* InsetGalleryView.swift in Sources */,
				F4702D13289443C40065A4A1 /* VideoListItemView.swift in Sources */,
				F4D29F972898777900CA766B /* CreditsView.swift in Sources */,
				F44D1205289305100074A3A9 /* CodableBundleExtension.swift in Sources */,
				F4D29F8528958C5E00CA766B /* MotionAnimationView.swift in Sources */,
				F4D29F9A28987ACA00CA766B /* CenterModifier.swift in Sources */,
				F44D120D289313E00074A3A9 /* HeadingView.swift in Sources */,
				F4702D1528945B7D0065A4A1 /* VideoPlayerView.swift in Sources */,
			);
			runOnlyForDeploymentPostprocessing = 0;
		};
/* End PBXSourcesBuildPhase section */

/* Begin PBXTargetDependency section */
		F4D29F902898723D00CA766B /* PBXTargetDependency */ = {
			isa = PBXTargetDependency;
			platformFilter = ios;
			target = F4D29F892898723B00CA766B /* Stickers */;
			targetProxy = F4D29F8F2898723D00CA766B /* PBXContainerItemProxy */;
		};
/* End PBXTargetDependency section */

/* Begin XCBuildConfiguration section */
		F44D11CB2892E1AB0074A3A9 /* Debug */ = {
			isa = XCBuildConfiguration;
			buildSettings = {
				ALWAYS_SEARCH_USER_PATHS = NO;
				CLANG_ANALYZER_NONNULL = YES;
				CLANG_ANALYZER_NUMBER_OBJECT_CONVERSION = YES_AGGRESSIVE;
				CLANG_CXX_LANGUAGE_STANDARD = "gnu++17";
				CLANG_ENABLE_MODULES = YES;
				CLANG_ENABLE_OBJC_ARC = YES;
				CLANG_ENABLE_OBJC_WEAK = YES;
				CLANG_WARN_BLOCK_CAPTURE_AUTORELEASING = YES;
				CLANG_WARN_BOOL_CONVERSION = YES;
				CLANG_WARN_COMMA = YES;
				CLANG_WARN_CONSTANT_CONVERSION = YES;
				CLANG_WARN_DEPRECATED_OBJC_IMPLEMENTATIONS = YES;
				CLANG_WARN_DIRECT_OBJC_ISA_USAGE = YES_ERROR;
				CLANG_WARN_DOCUMENTATION_COMMENTS = YES;
				CLANG_WARN_EMPTY_BODY = YES;
				CLANG_WARN_ENUM_CONVERSION = YES;
				CLANG_WARN_INFINITE_RECURSION = YES;
				CLANG_WARN_INT_CONVERSION = YES;
				CLANG_WARN_NON_LITERAL_NULL_CONVERSION = YES;
				CLANG_WARN_OBJC_IMPLICIT_RETAIN_SELF = YES;
				CLANG_WARN_OBJC_LITERAL_CONVERSION = YES;
				CLANG_WARN_OBJC_ROOT_CLASS = YES_ERROR;
				CLANG_WARN_QUOTED_INCLUDE_IN_FRAMEWORK_HEADER = YES;
				CLANG_WARN_RANGE_LOOP_ANALYSIS = YES;
				CLANG_WARN_STRICT_PROTOTYPES = YES;
				CLANG_WARN_SUSPICIOUS_MOVE = YES;
				CLANG_WARN_UNGUARDED_AVAILABILITY = YES_AGGRESSIVE;
				CLANG_WARN_UNREACHABLE_CODE = YES;
				CLANG_WARN__DUPLICATE_METHOD_MATCH = YES;
				COPY_PHASE_STRIP = NO;
				DEBUG_INFORMATION_FORMAT = dwarf;
				ENABLE_STRICT_OBJC_MSGSEND = YES;
				ENABLE_TESTABILITY = YES;
				GCC_C_LANGUAGE_STANDARD = gnu11;
				GCC_DYNAMIC_NO_PIC = NO;
				GCC_NO_COMMON_BLOCKS = YES;
				GCC_OPTIMIZATION_LEVEL = 0;
				GCC_PREPROCESSOR_DEFINITIONS = (
					"DEBUG=1",
					"$(inherited)",
				);
				GCC_WARN_64_TO_32_BIT_CONVERSION = YES;
				GCC_WARN_ABOUT_RETURN_TYPE = YES_ERROR;
				GCC_WARN_UNDECLARED_SELECTOR = YES;
				GCC_WARN_UNINITIALIZED_AUTOS = YES_AGGRESSIVE;
				GCC_WARN_UNUSED_FUNCTION = YES;
				GCC_WARN_UNUSED_VARIABLE = YES;
				IPHONEOS_DEPLOYMENT_TARGET = 15.5;
				MTL_ENABLE_DEBUG_INFO = INCLUDE_SOURCE;
				MTL_FAST_MATH = YES;
				ONLY_ACTIVE_ARCH = YES;
				SDKROOT = iphoneos;
				SWIFT_ACTIVE_COMPILATION_CONDITIONS = DEBUG;
				SWIFT_OPTIMIZATION_LEVEL = "-Onone";
			};
			name = Debug;
		};
		F44D11CC2892E1AB0074A3A9 /* Release */ = {
			isa = XCBuildConfiguration;
			buildSettings = {
				ALWAYS_SEARCH_USER_PATHS = NO;
				CLANG_ANALYZER_NONNULL = YES;
				CLANG_ANALYZER_NUMBER_OBJECT_CONVERSION = YES_AGGRESSIVE;
				CLANG_CXX_LANGUAGE_STANDARD = "gnu++17";
				CLANG_ENABLE_MODULES = YES;
				CLANG_ENABLE_OBJC_ARC = YES;
				CLANG_ENABLE_OBJC_WEAK = YES;
				CLANG_WARN_BLOCK_CAPTURE_AUTORELEASING = YES;
				CLANG_WARN_BOOL_CONVERSION = YES;
				CLANG_WARN_COMMA = YES;
				CLANG_WARN_CONSTANT_CONVERSION = YES;
				CLANG_WARN_DEPRECATED_OBJC_IMPLEMENTATIONS = YES;
				CLANG_WARN_DIRECT_OBJC_ISA_USAGE = YES_ERROR;
				CLANG_WARN_DOCUMENTATION_COMMENTS = YES;
				CLANG_WARN_EMPTY_BODY = YES;
				CLANG_WARN_ENUM_CONVERSION = YES;
				CLANG_WARN_INFINITE_RECURSION = YES;
				CLANG_WARN_INT_CONVERSION = YES;
				CLANG_WARN_NON_LITERAL_NULL_CONVERSION = YES;
				CLANG_WARN_OBJC_IMPLICIT_RETAIN_SELF = YES;
				CLANG_WARN_OBJC_LITERAL_CONVERSION = YES;
				CLANG_WARN_OBJC_ROOT_CLASS = YES_ERROR;
				CLANG_WARN_QUOTED_INCLUDE_IN_FRAMEWORK_HEADER = YES;
				CLANG_WARN_RANGE_LOOP_ANALYSIS = YES;
				CLANG_WARN_STRICT_PROTOTYPES = YES;
				CLANG_WARN_SUSPICIOUS_MOVE = YES;
				CLANG_WARN_UNGUARDED_AVAILABILITY = YES_AGGRESSIVE;
				CLANG_WARN_UNREACHABLE_CODE = YES;
				CLANG_WARN__DUPLICATE_METHOD_MATCH = YES;
				COPY_PHASE_STRIP = NO;
				DEBUG_INFORMATION_FORMAT = "dwarf-with-dsym";
				ENABLE_NS_ASSERTIONS = NO;
				ENABLE_STRICT_OBJC_MSGSEND = YES;
				GCC_C_LANGUAGE_STANDARD = gnu11;
				GCC_NO_COMMON_BLOCKS = YES;
				GCC_WARN_64_TO_32_BIT_CONVERSION = YES;
				GCC_WARN_ABOUT_RETURN_TYPE = YES_ERROR;
				GCC_WARN_UNDECLARED_SELECTOR = YES;
				GCC_WARN_UNINITIALIZED_AUTOS = YES_AGGRESSIVE;
				GCC_WARN_UNUSED_FUNCTION = YES;
				GCC_WARN_UNUSED_VARIABLE = YES;
				IPHONEOS_DEPLOYMENT_TARGET = 15.5;
				MTL_ENABLE_DEBUG_INFO = NO;
				MTL_FAST_MATH = YES;
				SDKROOT = iphoneos;
				SWIFT_COMPILATION_MODE = wholemodule;
				SWIFT_OPTIMIZATION_LEVEL = "-O";
				VALIDATE_PRODUCT = YES;
			};
			name = Release;
		};
		F44D11CE2892E1AB0074A3A9 /* Debug */ = {
			isa = XCBuildConfiguration;
			buildSettings = {
				ASSETCATALOG_COMPILER_APPICON_NAME = AppIcon;
				ASSETCATALOG_COMPILER_GLOBAL_ACCENT_COLOR_NAME = AccentColor;
				CODE_SIGN_ENTITLEMENTS = Africa/Africa.entitlements;
				CODE_SIGN_STYLE = Automatic;
				CURRENT_PROJECT_VERSION = 1;
				DEVELOPMENT_ASSET_PATHS = "\"Africa/Preview Content\"";
				DEVELOPMENT_TEAM = ZFAQZ35YP7;
				ENABLE_PREVIEWS = YES;
				GENERATE_INFOPLIST_FILE = YES;
				INFOPLIST_FILE = Africa/Info.plist;
				INFOPLIST_KEY_UIApplicationSceneManifest_Generation = YES;
				INFOPLIST_KEY_UIApplicationSupportsIndirectInputEvents = YES;
				INFOPLIST_KEY_UISupportedInterfaceOrientations_iPad = "UIInterfaceOrientationPortrait UIInterfaceOrientationPortraitUpsideDown UIInterfaceOrientationLandscapeLeft UIInterfaceOrientationLandscapeRight";
				INFOPLIST_KEY_UISupportedInterfaceOrientations_iPhone = "UIInterfaceOrientationPortrait UIInterfaceOrientationLandscapeLeft UIInterfaceOrientationLandscapeRight";
				INFOPLIST_KEY_UIUserInterfaceStyle = Dark;
				LD_RUNPATH_SEARCH_PATHS = (
					"$(inherited)",
					"@executable_path/Frameworks",
				);
				MARKETING_VERSION = 1.0;
				PRODUCT_BUNDLE_IDENTIFIER = com.yukisuzuki.Africa;
				PRODUCT_NAME = "$(TARGET_NAME)";
				SUPPORTS_MACCATALYST = YES;
				SWIFT_EMIT_LOC_STRINGS = YES;
				SWIFT_VERSION = 5.0;
				TARGETED_DEVICE_FAMILY = "1,2";
			};
			name = Debug;
		};
		F44D11CF2892E1AB0074A3A9 /* Release */ = {
			isa = XCBuildConfiguration;
			buildSettings = {
				ASSETCATALOG_COMPILER_APPICON_NAME = AppIcon;
				ASSETCATALOG_COMPILER_GLOBAL_ACCENT_COLOR_NAME = AccentColor;
				CODE_SIGN_ENTITLEMENTS = Africa/Africa.entitlements;
				CODE_SIGN_STYLE = Automatic;
				CURRENT_PROJECT_VERSION = 1;
				DEVELOPMENT_ASSET_PATHS = "\"Africa/Preview Content\"";
				DEVELOPMENT_TEAM = ZFAQZ35YP7;
				ENABLE_PREVIEWS = YES;
				GENERATE_INFOPLIST_FILE = YES;
				INFOPLIST_FILE = Africa/Info.plist;
				INFOPLIST_KEY_UIApplicationSceneManifest_Generation = YES;
				INFOPLIST_KEY_UIApplicationSupportsIndirectInputEvents = YES;
				INFOPLIST_KEY_UISupportedInterfaceOrientations_iPad = "UIInterfaceOrientationPortrait UIInterfaceOrientationPortraitUpsideDown UIInterfaceOrientationLandscapeLeft UIInterfaceOrientationLandscapeRight";
				INFOPLIST_KEY_UISupportedInterfaceOrientations_iPhone = "UIInterfaceOrientationPortrait UIInterfaceOrientationLandscapeLeft UIInterfaceOrientationLandscapeRight";
				INFOPLIST_KEY_UIUserInterfaceStyle = Dark;
				LD_RUNPATH_SEARCH_PATHS = (
					"$(inherited)",
					"@executable_path/Frameworks",
				);
				MARKETING_VERSION = 1.0;
				PRODUCT_BUNDLE_IDENTIFIER = com.yukisuzuki.Africa;
				PRODUCT_NAME = "$(TARGET_NAME)";
				SUPPORTS_MACCATALYST = YES;
				SWIFT_EMIT_LOC_STRINGS = YES;
				SWIFT_VERSION = 5.0;
				TARGETED_DEVICE_FAMILY = "1,2";
			};
			name = Release;
		};
		F4D29F932898723D00CA766B /* Debug */ = {
			isa = XCBuildConfiguration;
			buildSettings = {
				ASSETCATALOG_COMPILER_APPICON_NAME = "iMessage App Icon";
				CODE_SIGN_STYLE = Automatic;
				CURRENT_PROJECT_VERSION = 1;
				DEVELOPMENT_TEAM = ZFAQZ35YP7;
				GENERATE_INFOPLIST_FILE = YES;
				INFOPLIST_FILE = Stickers/Info.plist;
				INFOPLIST_KEY_CFBundleDisplayName = Africa;
				IPHONEOS_DEPLOYMENT_TARGET = 10.0;
				MARKETING_VERSION = 1.0;
				PRODUCT_BUNDLE_IDENTIFIER = com.yukisuzuki.Africa.Stickers;
				PRODUCT_NAME = "$(TARGET_NAME)";
				SKIP_INSTALL = YES;
				SUPPORTS_MACCATALYST = NO;
				SWIFT_EMIT_LOC_STRINGS = YES;
				TARGETED_DEVICE_FAMILY = "1,2";
			};
			name = Debug;
		};
		F4D29F942898723D00CA766B /* Release */ = {
			isa = XCBuildConfiguration;
			buildSettings = {
				ASSETCATALOG_COMPILER_APPICON_NAME = "iMessage App Icon";
				CODE_SIGN_STYLE = Automatic;
				CURRENT_PROJECT_VERSION = 1;
				DEVELOPMENT_TEAM = ZFAQZ35YP7;
				GENERATE_INFOPLIST_FILE = YES;
				INFOPLIST_FILE = Stickers/Info.plist;
				INFOPLIST_KEY_CFBundleDisplayName = Africa;
				IPHONEOS_DEPLOYMENT_TARGET = 10.0;
				MARKETING_VERSION = 1.0;
				PRODUCT_BUNDLE_IDENTIFIER = com.yukisuzuki.Africa.Stickers;
				PRODUCT_NAME = "$(TARGET_NAME)";
				SKIP_INSTALL = YES;
				SUPPORTS_MACCATALYST = NO;
				SWIFT_EMIT_LOC_STRINGS = YES;
				TARGETED_DEVICE_FAMILY = "1,2";
			};
			name = Release;
		};
/* End XCBuildConfiguration section */

/* Begin XCConfigurationList section */
		F44D11BA2892E1AA0074A3A9 /* Build configuration list for PBXProject "Africa" */ = {
			isa = XCConfigurationList;
			buildConfigurations = (
				F44D11CB2892E1AB0074A3A9 /* Debug */,
				F44D11CC2892E1AB0074A3A9 /* Release */,
			);
			defaultConfigurationIsVisible = 0;
			defaultConfigurationName = Release;
		};
		F44D11CD2892E1AB0074A3A9 /* Build configuration list for PBXNativeTarget "Africa" */ = {
			isa = XCConfigurationList;
			buildConfigurations = (
				F44D11CE2892E1AB0074A3A9 /* Debug */,
				F44D11CF2892E1AB0074A3A9 /* Release */,
			);
			defaultConfigurationIsVisible = 0;
			defaultConfigurationName = Release;
		};
		F4D29F922898723D00CA766B /* Build configuration list for PBXNativeTarget "Stickers" */ = {
			isa = XCConfigurationList;
			buildConfigurations = (
				F4D29F932898723D00CA766B /* Debug */,
				F4D29F942898723D00CA766B /* Release */,
			);
			defaultConfigurationIsVisible = 0;
			defaultConfigurationName = Release;
		};
/* End XCConfigurationList section */
	};
	rootObject = F44D11B72892E1AA0074A3A9 /* Project object */;
}
