// !$*UTF8*$!
{
	archiveVersion = 1;
	classes = {
	};
	objectVersion = 55;
	objects = {

/* Begin PBXBuildFile section */
		F457A5E828AED3FA0086F553 /* DevoteApp.swift in Sources */ = {isa = PBXBuildFile; fileRef = F457A5E728AED3FA0086F553 /* DevoteApp.swift */; };
		F457A5EA28AED3FA0086F553 /* ContentView.swift in Sources */ = {isa = PBXBuildFile; fileRef = F457A5E928AED3FA0086F553 /* ContentView.swift */; };
		F457A5EC28AED3FC0086F553 /* Assets.xcassets in Resources */ = {isa = PBXBuildFile; fileRef = F457A5EB28AED3FC0086F553 /* Assets.xcassets */; };
		F457A5EF28AED3FC0086F553 /* Preview Assets.xcassets in Resources */ = {isa = PBXBuildFile; fileRef = F457A5EE28AED3FC0086F553 /* Preview Assets.xcassets */; };
		F457A5F128AED3FC0086F553 /* Persistence.swift in Sources */ = {isa = PBXBuildFile; fileRef = F457A5F028AED3FC0086F553 /* Persistence.swift */; };
		F457A5F428AED3FC0086F553 /* Devote.xcdatamodeld in Sources */ = {isa = PBXBuildFile; fileRef = F457A5F228AED3FC0086F553 /* Devote.xcdatamodeld */; };
		F457A5FD28B012590086F553 /* sound-rise.mp3 in Resources */ = {isa = PBXBuildFile; fileRef = F457A5FA28B012590086F553 /* sound-rise.mp3 */; };
		F457A5FE28B012590086F553 /* sound-ding.mp3 in Resources */ = {isa = PBXBuildFile; fileRef = F457A5FB28B012590086F553 /* sound-ding.mp3 */; };
		F457A60828B019A10086F553 /* sound-tap.mp3 in Resources */ = {isa = PBXBuildFile; fileRef = F457A60728B019A10086F553 /* sound-tap.mp3 */; };
		F457A60E28B022C80086F553 /* Constant.swift in Sources */ = {isa = PBXBuildFile; fileRef = F457A60D28B022C80086F553 /* Constant.swift */; };
		F4E5093B28B5623E006F2590 /* HideKeyboardExtension.swift in Sources */ = {isa = PBXBuildFile; fileRef = F4E5093A28B5623E006F2590 /* HideKeyboardExtension.swift */; };
		F4E5093D28B566E8006F2590 /* BackgroundImageView.swift in Sources */ = {isa = PBXBuildFile; fileRef = F4E5093C28B566E8006F2590 /* BackgroundImageView.swift */; };
		F4E5093F28B56FF6006F2590 /* NewTaskView.swift in Sources */ = {isa = PBXBuildFile; fileRef = F4E5093E28B56FF6006F2590 /* NewTaskView.swift */; };
		F4E5094128B5776B006F2590 /* BlankView.swift in Sources */ = {isa = PBXBuildFile; fileRef = F4E5094028B5776B006F2590 /* BlankView.swift */; };
		F4E5094328B584A6006F2590 /* ListRowItemView.swift in Sources */ = {isa = PBXBuildFile; fileRef = F4E5094228B584A6006F2590 /* ListRowItemView.swift */; };
		F4E5094528B58680006F2590 /* CheckboxStyle.swift in Sources */ = {isa = PBXBuildFile; fileRef = F4E5094428B58680006F2590 /* CheckboxStyle.swift */; };
		F4E5094728B68475006F2590 /* SoundPlayer.swift in Sources */ = {isa = PBXBuildFile; fileRef = F4E5094628B68475006F2590 /* SoundPlayer.swift */; };
/* End PBXBuildFile section */

/* Begin PBXFileReference section */
		F457A5E428AED3FA0086F553 /* Devote.app */ = {isa = PBXFileReference; explicitFileType = wrapper.application; includeInIndex = 0; path = Devote.app; sourceTree = BUILT_PRODUCTS_DIR; };
		F457A5E728AED3FA0086F553 /* DevoteApp.swift */ = {isa = PBXFileReference; lastKnownFileType = sourcecode.swift; path = DevoteApp.swift; sourceTree = "<group>"; };
		F457A5E928AED3FA0086F553 /* ContentView.swift */ = {isa = PBXFileReference; lastKnownFileType = sourcecode.swift; path = ContentView.swift; sourceTree = "<group>"; };
		F457A5EB28AED3FC0086F553 /* Assets.xcassets */ = {isa = PBXFileReference; lastKnownFileType = folder.assetcatalog; path = Assets.xcassets; sourceTree = "<group>"; };
		F457A5EE28AED3FC0086F553 /* Preview Assets.xcassets */ = {isa = PBXFileReference; lastKnownFileType = folder.assetcatalog; path = "Preview Assets.xcassets"; sourceTree = "<group>"; };
		F457A5F028AED3FC0086F553 /* Persistence.swift */ = {isa = PBXFileReference; lastKnownFileType = sourcecode.swift; path = Persistence.swift; sourceTree = "<group>"; };
		F457A5F328AED3FC0086F553 /* Devote.xcdatamodel */ = {isa = PBXFileReference; lastKnownFileType = wrapper.xcdatamodel; path = Devote.xcdatamodel; sourceTree = "<group>"; };
		F457A5FA28B012590086F553 /* sound-rise.mp3 */ = {isa = PBXFileReference; lastKnownFileType = audio.mp3; path = "sound-rise.mp3"; sourceTree = "<group>"; };
		F457A5FB28B012590086F553 /* sound-ding.mp3 */ = {isa = PBXFileReference; lastKnownFileType = audio.mp3; path = "sound-ding.mp3"; sourceTree = "<group>"; };
		F457A60628B0139C0086F553 /* Info.plist */ = {isa = PBXFileReference; lastKnownFileType = text.plist; path = Info.plist; sourceTree = "<group>"; };
		F457A60728B019A10086F553 /* sound-tap.mp3 */ = {isa = PBXFileReference; lastKnownFileType = audio.mp3; path = "sound-tap.mp3"; sourceTree = "<group>"; };
		F457A60D28B022C80086F553 /* Constant.swift */ = {isa = PBXFileReference; lastKnownFileType = sourcecode.swift; path = Constant.swift; sourceTree = "<group>"; };
		F4E5093A28B5623E006F2590 /* HideKeyboardExtension.swift */ = {isa = PBXFileReference; lastKnownFileType = sourcecode.swift; path = HideKeyboardExtension.swift; sourceTree = "<group>"; };
		F4E5093C28B566E8006F2590 /* BackgroundImageView.swift */ = {isa = PBXFileReference; lastKnownFileType = sourcecode.swift; path = BackgroundImageView.swift; sourceTree = "<group>"; };
		F4E5093E28B56FF6006F2590 /* NewTaskView.swift */ = {isa = PBXFileReference; lastKnownFileType = sourcecode.swift; path = NewTaskView.swift; sourceTree = "<group>"; };
		F4E5094028B5776B006F2590 /* BlankView.swift */ = {isa = PBXFileReference; lastKnownFileType = sourcecode.swift; path = BlankView.swift; sourceTree = "<group>"; };
		F4E5094228B584A6006F2590 /* ListRowItemView.swift */ = {isa = PBXFileReference; lastKnownFileType = sourcecode.swift; path = ListRowItemView.swift; sourceTree = "<group>"; };
		F4E5094428B58680006F2590 /* CheckboxStyle.swift */ = {isa = PBXFileReference; lastKnownFileType = sourcecode.swift; path = CheckboxStyle.swift; sourceTree = "<group>"; };
		F4E5094628B68475006F2590 /* SoundPlayer.swift */ = {isa = PBXFileReference; lastKnownFileType = sourcecode.swift; path = SoundPlayer.swift; sourceTree = "<group>"; };
/* End PBXFileReference section */

/* Begin PBXFrameworksBuildPhase section */
		F457A5E128AED3FA0086F553 /* Frameworks */ = {
			isa = PBXFrameworksBuildPhase;
			buildActionMask = 2147483647;
			files = (
			);
			runOnlyForDeploymentPostprocessing = 0;
		};
/* End PBXFrameworksBuildPhase section */

/* Begin PBXGroup section */
		F457A5DB28AED3FA0086F553 = {
			isa = PBXGroup;
			children = (
				F457A5E628AED3FA0086F553 /* Devote */,
				F457A5E528AED3FA0086F553 /* Products */,
			);
			sourceTree = "<group>";
		};
		F457A5E528AED3FA0086F553 /* Products */ = {
			isa = PBXGroup;
			children = (
				F457A5E428AED3FA0086F553 /* Devote.app */,
			);
			name = Products;
			sourceTree = "<group>";
		};
		F457A5E628AED3FA0086F553 /* Devote */ = {
			isa = PBXGroup;
			children = (
				F457A60628B0139C0086F553 /* Info.plist */,
				F457A5E728AED3FA0086F553 /* DevoteApp.swift */,
				F457A60428B012A90086F553 /* View */,
				F457A60528B013070086F553 /* Model */,
				F457A60328B0129D0086F553 /* Style */,
				F457A60228B012940086F553 /* Utility */,
				F457A60128B012890086F553 /* Extension */,
				F457A60028B012780086F553 /* Sound */,
				F457A5EB28AED3FC0086F553 /* Assets.xcassets */,
				F457A5ED28AED3FC0086F553 /* Preview Content */,
			);
			path = Devote;
			sourceTree = "<group>";
		};
		F457A5ED28AED3FC0086F553 /* Preview Content */ = {
			isa = PBXGroup;
			children = (
				F457A5EE28AED3FC0086F553 /* Preview Assets.xcassets */,
			);
			path = "Preview Content";
			sourceTree = "<group>";
		};
		F457A60028B012780086F553 /* Sound */ = {
			isa = PBXGroup;
			children = (
				F457A5FB28B012590086F553 /* sound-ding.mp3 */,
				F457A5FA28B012590086F553 /* sound-rise.mp3 */,
				F457A60728B019A10086F553 /* sound-tap.mp3 */,
			);
			path = Sound;
			sourceTree = "<group>";
		};
		F457A60128B012890086F553 /* Extension */ = {
			isa = PBXGroup;
			children = (
				F4E5093A28B5623E006F2590 /* HideKeyboardExtension.swift */,
			);
			path = Extension;
			sourceTree = "<group>";
		};
		F457A60228B012940086F553 /* Utility */ = {
			isa = PBXGroup;
			children = (
				F457A60D28B022C80086F553 /* Constant.swift */,
				F4E5094628B68475006F2590 /* SoundPlayer.swift */,
			);
			path = Utility;
			sourceTree = "<group>";
		};
		F457A60328B0129D0086F553 /* Style */ = {
			isa = PBXGroup;
			children = (
				F4E5094428B58680006F2590 /* CheckboxStyle.swift */,
			);
			path = Style;
			sourceTree = "<group>";
		};
		F457A60428B012A90086F553 /* View */ = {
			isa = PBXGroup;
			children = (
				F457A5E928AED3FA0086F553 /* ContentView.swift */,
				F4E5093C28B566E8006F2590 /* BackgroundImageView.swift */,
				F4E5093E28B56FF6006F2590 /* NewTaskView.swift */,
				F4E5094028B5776B006F2590 /* BlankView.swift */,
				F4E5094228B584A6006F2590 /* ListRowItemView.swift */,
			);
			path = View;
			sourceTree = "<group>";
		};
		F457A60528B013070086F553 /* Model */ = {
			isa = PBXGroup;
			children = (
				F457A5F028AED3FC0086F553 /* Persistence.swift */,
				F457A5F228AED3FC0086F553 /* Devote.xcdatamodeld */,
			);
			path = Model;
			sourceTree = "<group>";
		};
/* End PBXGroup section */

/* Begin PBXNativeTarget section */
		F457A5E328AED3FA0086F553 /* Devote */ = {
			isa = PBXNativeTarget;
			buildConfigurationList = F457A5F728AED3FC0086F553 /* Build configuration list for PBXNativeTarget "Devote" */;
			buildPhases = (
				F457A5E028AED3FA0086F553 /* Sources */,
				F457A5E128AED3FA0086F553 /* Frameworks */,
				F457A5E228AED3FA0086F553 /* Resources */,
			);
			buildRules = (
			);
			dependencies = (
			);
			name = Devote;
			productName = Devote;
			productReference = F457A5E428AED3FA0086F553 /* Devote.app */;
			productType = "com.apple.product-type.application";
		};
/* End PBXNativeTarget section */

/* Begin PBXProject section */
		F457A5DC28AED3FA0086F553 /* Project object */ = {
			isa = PBXProject;
			attributes = {
				BuildIndependentTargetsInParallel = 1;
				LastSwiftUpdateCheck = 1340;
				LastUpgradeCheck = 1340;
				TargetAttributes = {
					F457A5E328AED3FA0086F553 = {
						CreatedOnToolsVersion = 13.4.1;
					};
				};
			};
			buildConfigurationList = F457A5DF28AED3FA0086F553 /* Build configuration list for PBXProject "Devote" */;
			compatibilityVersion = "Xcode 13.0";
			developmentRegion = en;
			hasScannedForEncodings = 0;
			knownRegions = (
				en,
				Base,
			);
			mainGroup = F457A5DB28AED3FA0086F553;
			productRefGroup = F457A5E528AED3FA0086F553 /* Products */;
			projectDirPath = "";
			projectRoot = "";
			targets = (
				F457A5E328AED3FA0086F553 /* Devote */,
			);
		};
/* End PBXProject section */

/* Begin PBXResourcesBuildPhase section */
		F457A5E228AED3FA0086F553 /* Resources */ = {
			isa = PBXResourcesBuildPhase;
			buildActionMask = 2147483647;
			files = (
				F457A5FE28B012590086F553 /* sound-ding.mp3 in Resources */,
				F457A5FD28B012590086F553 /* sound-rise.mp3 in Resources */,
				F457A5EF28AED3FC0086F553 /* Preview Assets.xcassets in Resources */,
				F457A60828B019A10086F553 /* sound-tap.mp3 in Resources */,
				F457A5EC28AED3FC0086F553 /* Assets.xcassets in Resources */,
			);
			runOnlyForDeploymentPostprocessing = 0;
		};
/* End PBXResourcesBuildPhase section */

/* Begin PBXSourcesBuildPhase section */
		F457A5E028AED3FA0086F553 /* Sources */ = {
			isa = PBXSourcesBuildPhase;
			buildActionMask = 2147483647;
			files = (
				F457A5F128AED3FC0086F553 /* Persistence.swift in Sources */,
				F4E5093D28B566E8006F2590 /* BackgroundImageView.swift in Sources */,
				F457A5EA28AED3FA0086F553 /* ContentView.swift in Sources */,
				F4E5093B28B5623E006F2590 /* HideKeyboardExtension.swift in Sources */,
				F4E5094128B5776B006F2590 /* BlankView.swift in Sources */,
				F4E5093F28B56FF6006F2590 /* NewTaskView.swift in Sources */,
				F4E5094328B584A6006F2590 /* ListRowItemView.swift in Sources */,
				F457A60E28B022C80086F553 /* Constant.swift in Sources */,
				F457A5F428AED3FC0086F553 /* Devote.xcdatamodeld in Sources */,
				F4E5094528B58680006F2590 /* CheckboxStyle.swift in Sources */,
				F4E5094728B68475006F2590 /* SoundPlayer.swift in Sources */,
				F457A5E828AED3FA0086F553 /* DevoteApp.swift in Sources */,
			);
			runOnlyForDeploymentPostprocessing = 0;
		};
/* End PBXSourcesBuildPhase section */

/* Begin XCBuildConfiguration section */
		F457A5F528AED3FC0086F553 /* Debug */ = {
			isa = XCBuildConfiguration;
			buildSettings = {
				ALWAYS_SEARCH_USER_PATHS = NO;
				CLANG_ANALYZER_NONNULL = YES;
				CLANG_ANALYZER_NUMBER_OBJECT_CONVERSION = YES_AGGRESSIVE;
				CLANG_CXX_LANGUAGE_STANDARD = "gnu++17";
				CLANG_ENABLE_MODULES = YES;
				CLANG_ENABLE_OBJC_ARC = YES;
				CLANG_ENABLE_OBJC_WEAK = YES;
				CLANG_WARN_BLOCK_CAPTURE_AUTORELEASING = YES;
				CLANG_WARN_BOOL_CONVERSION = YES;
				CLANG_WARN_COMMA = YES;
				CLANG_WARN_CONSTANT_CONVERSION = YES;
				CLANG_WARN_DEPRECATED_OBJC_IMPLEMENTATIONS = YES;
				CLANG_WARN_DIRECT_OBJC_ISA_USAGE = YES_ERROR;
				CLANG_WARN_DOCUMENTATION_COMMENTS = YES;
				CLANG_WARN_EMPTY_BODY = YES;
				CLANG_WARN_ENUM_CONVERSION = YES;
				CLANG_WARN_INFINITE_RECURSION = YES;
				CLANG_WARN_INT_CONVERSION = YES;
				CLANG_WARN_NON_LITERAL_NULL_CONVERSION = YES;
				CLANG_WARN_OBJC_IMPLICIT_RETAIN_SELF = YES;
				CLANG_WARN_OBJC_LITERAL_CONVERSION = YES;
				CLANG_WARN_OBJC_ROOT_CLASS = YES_ERROR;
				CLANG_WARN_QUOTED_INCLUDE_IN_FRAMEWORK_HEADER = YES;
				CLANG_WARN_RANGE_LOOP_ANALYSIS = YES;
				CLANG_WARN_STRICT_PROTOTYPES = YES;
				CLANG_WARN_SUSPICIOUS_MOVE = YES;
				CLANG_WARN_UNGUARDED_AVAILABILITY = YES_AGGRESSIVE;
				CLANG_WARN_UNREACHABLE_CODE = YES;
				CLANG_WARN__DUPLICATE_METHOD_MATCH = YES;
				COPY_PHASE_STRIP = NO;
				DEBUG_INFORMATION_FORMAT = dwarf;
				ENABLE_STRICT_OBJC_MSGSEND = YES;
				ENABLE_TESTABILITY = YES;
				GCC_C_LANGUAGE_STANDARD = gnu11;
				GCC_DYNAMIC_NO_PIC = NO;
				GCC_NO_COMMON_BLOCKS = YES;
				GCC_OPTIMIZATION_LEVEL = 0;
				GCC_PREPROCESSOR_DEFINITIONS = (
					"DEBUG=1",
					"$(inherited)",
				);
				GCC_WARN_64_TO_32_BIT_CONVERSION = YES;
				GCC_WARN_ABOUT_RETURN_TYPE = YES_ERROR;
				GCC_WARN_UNDECLARED_SELECTOR = YES;
				GCC_WARN_UNINITIALIZED_AUTOS = YES_AGGRESSIVE;
				GCC_WARN_UNUSED_FUNCTION = YES;
				GCC_WARN_UNUSED_VARIABLE = YES;
				IPHONEOS_DEPLOYMENT_TARGET = 15.5;
				MTL_ENABLE_DEBUG_INFO = INCLUDE_SOURCE;
				MTL_FAST_MATH = YES;
				ONLY_ACTIVE_ARCH = YES;
				SDKROOT = iphoneos;
				SWIFT_ACTIVE_COMPILATION_CONDITIONS = DEBUG;
				SWIFT_OPTIMIZATION_LEVEL = "-Onone";
			};
			name = Debug;
		};
		F457A5F628AED3FC0086F553 /* Release */ = {
			isa = XCBuildConfiguration;
			buildSettings = {
				ALWAYS_SEARCH_USER_PATHS = NO;
				CLANG_ANALYZER_NONNULL = YES;
				CLANG_ANALYZER_NUMBER_OBJECT_CONVERSION = YES_AGGRESSIVE;
				CLANG_CXX_LANGUAGE_STANDARD = "gnu++17";
				CLANG_ENABLE_MODULES = YES;
				CLANG_ENABLE_OBJC_ARC = YES;
				CLANG_ENABLE_OBJC_WEAK = YES;
				CLANG_WARN_BLOCK_CAPTURE_AUTORELEASING = YES;
				CLANG_WARN_BOOL_CONVERSION = YES;
				CLANG_WARN_COMMA = YES;
				CLANG_WARN_CONSTANT_CONVERSION = YES;
				CLANG_WARN_DEPRECATED_OBJC_IMPLEMENTATIONS = YES;
				CLANG_WARN_DIRECT_OBJC_ISA_USAGE = YES_ERROR;
				CLANG_WARN_DOCUMENTATION_COMMENTS = YES;
				CLANG_WARN_EMPTY_BODY = YES;
				CLANG_WARN_ENUM_CONVERSION = YES;
				CLANG_WARN_INFINITE_RECURSION = YES;
				CLANG_WARN_INT_CONVERSION = YES;
				CLANG_WARN_NON_LITERAL_NULL_CONVERSION = YES;
				CLANG_WARN_OBJC_IMPLICIT_RETAIN_SELF = YES;
				CLANG_WARN_OBJC_LITERAL_CONVERSION = YES;
				CLANG_WARN_OBJC_ROOT_CLASS = YES_ERROR;
				CLANG_WARN_QUOTED_INCLUDE_IN_FRAMEWORK_HEADER = YES;
				CLANG_WARN_RANGE_LOOP_ANALYSIS = YES;
				CLANG_WARN_STRICT_PROTOTYPES = YES;
				CLANG_WARN_SUSPICIOUS_MOVE = YES;
				CLANG_WARN_UNGUARDED_AVAILABILITY = YES_AGGRESSIVE;
				CLANG_WARN_UNREACHABLE_CODE = YES;
				CLANG_WARN__DUPLICATE_METHOD_MATCH = YES;
				COPY_PHASE_STRIP = NO;
				DEBUG_INFORMATION_FORMAT = "dwarf-with-dsym";
				ENABLE_NS_ASSERTIONS = NO;
				ENABLE_STRICT_OBJC_MSGSEND = YES;
				GCC_C_LANGUAGE_STANDARD = gnu11;
				GCC_NO_COMMON_BLOCKS = YES;
				GCC_WARN_64_TO_32_BIT_CONVERSION = YES;
				GCC_WARN_ABOUT_RETURN_TYPE = YES_ERROR;
				GCC_WARN_UNDECLARED_SELECTOR = YES;
				GCC_WARN_UNINITIALIZED_AUTOS = YES_AGGRESSIVE;
				GCC_WARN_UNUSED_FUNCTION = YES;
				GCC_WARN_UNUSED_VARIABLE = YES;
				IPHONEOS_DEPLOYMENT_TARGET = 15.5;
				MTL_ENABLE_DEBUG_INFO = NO;
				MTL_FAST_MATH = YES;
				SDKROOT = iphoneos;
				SWIFT_COMPILATION_MODE = wholemodule;
				SWIFT_OPTIMIZATION_LEVEL = "-O";
				VALIDATE_PRODUCT = YES;
			};
			name = Release;
		};
		F457A5F828AED3FC0086F553 /* Debug */ = {
			isa = XCBuildConfiguration;
			buildSettings = {
				ASSETCATALOG_COMPILER_APPICON_NAME = AppIcon;
				ASSETCATALOG_COMPILER_GLOBAL_ACCENT_COLOR_NAME = AccentColor;
				CODE_SIGN_STYLE = Automatic;
				CURRENT_PROJECT_VERSION = 1;
				DEVELOPMENT_ASSET_PATHS = "\"Devote/Preview Content\"";
				DEVELOPMENT_TEAM = ZFAQZ35YP7;
				ENABLE_PREVIEWS = YES;
				GENERATE_INFOPLIST_FILE = YES;
				INFOPLIST_FILE = Devote/Info.plist;
				INFOPLIST_KEY_LSApplicationCategoryType = "";
				INFOPLIST_KEY_UIApplicationSceneManifest_Generation = YES;
				INFOPLIST_KEY_UIApplicationSupportsIndirectInputEvents = YES;
				INFOPLIST_KEY_UISupportedInterfaceOrientations = UIInterfaceOrientationPortrait;
				INFOPLIST_KEY_UISupportedInterfaceOrientations_iPad = "UIInterfaceOrientationPortrait UIInterfaceOrientationPortraitUpsideDown UIInterfaceOrientationLandscapeLeft UIInterfaceOrientationLandscapeRight";
				INFOPLIST_KEY_UISupportedInterfaceOrientations_iPhone = "UIInterfaceOrientationPortrait UIInterfaceOrientationLandscapeLeft UIInterfaceOrientationLandscapeRight";
				LD_RUNPATH_SEARCH_PATHS = (
					"$(inherited)",
					"@executable_path/Frameworks",
				);
				MARKETING_VERSION = 1.0;
				PRODUCT_BUNDLE_IDENTIFIER = com.yukisuzuki.Devote;
				PRODUCT_NAME = "$(TARGET_NAME)";
				SWIFT_EMIT_LOC_STRINGS = YES;
				SWIFT_VERSION = 5.0;
				TARGETED_DEVICE_FAMILY = "1,2";
			};
			name = Debug;
		};
		F457A5F928AED3FC0086F553 /* Release */ = {
			isa = XCBuildConfiguration;
			buildSettings = {
				ASSETCATALOG_COMPILER_APPICON_NAME = AppIcon;
				ASSETCATALOG_COMPILER_GLOBAL_ACCENT_COLOR_NAME = AccentColor;
				CODE_SIGN_STYLE = Automatic;
				CURRENT_PROJECT_VERSION = 1;
				DEVELOPMENT_ASSET_PATHS = "\"Devote/Preview Content\"";
				DEVELOPMENT_TEAM = ZFAQZ35YP7;
				ENABLE_PREVIEWS = YES;
				GENERATE_INFOPLIST_FILE = YES;
				INFOPLIST_FILE = Devote/Info.plist;
				INFOPLIST_KEY_LSApplicationCategoryType = "";
				INFOPLIST_KEY_UIApplicationSceneManifest_Generation = YES;
				INFOPLIST_KEY_UIApplicationSupportsIndirectInputEvents = YES;
				INFOPLIST_KEY_UISupportedInterfaceOrientations = UIInterfaceOrientationPortrait;
				INFOPLIST_KEY_UISupportedInterfaceOrientations_iPad = "UIInterfaceOrientationPortrait UIInterfaceOrientationPortraitUpsideDown UIInterfaceOrientationLandscapeLeft UIInterfaceOrientationLandscapeRight";
				INFOPLIST_KEY_UISupportedInterfaceOrientations_iPhone = "UIInterfaceOrientationPortrait UIInterfaceOrientationLandscapeLeft UIInterfaceOrientationLandscapeRight";
				LD_RUNPATH_SEARCH_PATHS = (
					"$(inherited)",
					"@executable_path/Frameworks",
				);
				MARKETING_VERSION = 1.0;
				PRODUCT_BUNDLE_IDENTIFIER = com.yukisuzuki.Devote;
				PRODUCT_NAME = "$(TARGET_NAME)";
				SWIFT_EMIT_LOC_STRINGS = YES;
				SWIFT_VERSION = 5.0;
				TARGETED_DEVICE_FAMILY = "1,2";
			};
			name = Release;
		};
/* End XCBuildConfiguration section */

/* Begin XCConfigurationList section */
		F457A5DF28AED3FA0086F553 /* Build configuration list for PBXProject "Devote" */ = {
			isa = XCConfigurationList;
			buildConfigurations = (
				F457A5F528AED3FC0086F553 /* Debug */,
				F457A5F628AED3FC0086F553 /* Release */,
			);
			defaultConfigurationIsVisible = 0;
			defaultConfigurationName = Release;
		};
		F457A5F728AED3FC0086F553 /* Build configuration list for PBXNativeTarget "Devote" */ = {
			isa = XCConfigurationList;
			buildConfigurations = (
				F457A5F828AED3FC0086F553 /* Debug */,
				F457A5F928AED3FC0086F553 /* Release */,
			);
			defaultConfigurationIsVisible = 0;
			defaultConfigurationName = Release;
		};
/* End XCConfigurationList section */

/* Begin XCVersionGroup section */
		F457A5F228AED3FC0086F553 /* Devote.xcdatamodeld */ = {
			isa = XCVersionGroup;
			children = (
				F457A5F328AED3FC0086F553 /* Devote.xcdatamodel */,
			);
			currentVersion = F457A5F328AED3FC0086F553 /* Devote.xcdatamodel */;
			path = Devote.xcdatamodeld;
			sourceTree = "<group>";
			versionGroupType = wrapper.xcdatamodel;
		};
/* End XCVersionGroup section */
	};
	rootObject = F457A5DC28AED3FA0086F553 /* Project object */;
}
